
Microsoft Visual Studio Solution File, Format Version 12.00
# Visual Studio Version 16
VisualStudioVersion = 16.0.28315.86
MinimumVisualStudioVersion = 10.0.40219.1
Project("{2150E333-8FDC-42A3-9474-1A3956D46DE8}") = "Automation", "Automation", "{0BFBE63A-B98A-3411-8EEB-8918FEC737B3}"
EndProject
Project("{2150E333-8FDC-42A3-9474-1A3956D46DE8}") = "Programs", "Programs", "{A338B9E2-A559-34BE-A46D-F789DD488FAD}"
EndProject
Project("{2150E333-8FDC-42A3-9474-1A3956D46DE8}") = "Rules", "Rules", "{C2F57ECE-B26F-39D8-BDA7-C1D40BD8F180}"
EndProject
Project("{2150E333-8FDC-42A3-9474-1A3956D46DE8}") = "Shared", "Shared", "{57713676-9DBE-331C-AD10-26632AC9EE0C}"
EndProject
Project("{2150E333-8FDC-42A3-9474-1A3956D46DE8}") = "UnrealBuildTool.Plugins", "UnrealBuildTool.Plugins", "{7B5CFB44-F0FB-31DF-AE62-C3C096A29A7B}"
EndProject
Project("{FAE04EC0-301F-11D3-BF4B-00C04F79EFBC}") = "UnrealBuildTool", "../../../Shared/Epic Games/UE_5.3/Engine/Source/Programs/UnrealBuildTool/UnrealBuildTool.csproj", "{BA643C0D-FE55-355F-94E2-FFA6B50EA5A0}"
EndProject
Project("{FAE04EC0-301F-11D3-BF4B-00C04F79EFBC}") = "AutomationTool", "../../../Shared/Epic Games/UE_5.3/Engine/Source/Programs/AutomationTool/AutomationTool.csproj", "{EBD8976D-C225-3BD8-8B52-7BFB4A6401AB}"
EndProject
Project("{FAE04EC0-301F-11D3-BF4B-00C04F79EFBC}") = "Android.Automation", "../../../Shared/Epic Games/UE_5.3/Engine/Source/Programs/AutomationTool/Android/Android.Automation.csproj", "{261286C5-FEAD-3038-BA37-4BFF03A39465}"
EndProject
Project("{FAE04EC0-301F-11D3-BF4B-00C04F79EFBC}") = "Apple.Automation", "../../../Shared/Epic Games/UE_5.3/Engine/Source/Programs/AutomationTool/Apple/Apple.Automation.csproj", "{99FD6866-9D6D-3171-9ECE-3DFCF6AD21FE}"
EndProject
Project("{FAE04EC0-301F-11D3-BF4B-00C04F79EFBC}") = "AutomationUtils.Automation", "../../../Shared/Epic Games/UE_5.3/Engine/Source/Programs/AutomationTool/AutomationUtils/AutomationUtils.Automation.csproj", "{E87BFB56-2A5E-3BF3-9D9B-2B6EA04C5A12}"
EndProject
Project("{FAE04EC0-301F-11D3-BF4B-00C04F79EFBC}") = "BuildGraph.Automation", "../../../Shared/Epic Games/UE_5.3/Engine/Source/Programs/AutomationTool/BuildGraph/BuildGraph.Automation.csproj", "{B7F63FAC-A56C-3959-B756-ED07A9458D0C}"
EndProject
Project("{FAE04EC0-301F-11D3-BF4B-00C04F79EFBC}") = "CookedEditor.Automation", "../../../Shared/Epic Games/UE_5.3/Engine/Source/Programs/AutomationTool/CookedEditor/CookedEditor.Automation.csproj", "{3DA56524-F689-305F-AF2F-1B9AD189A2B2}"
EndProject
Project("{FAE04EC0-301F-11D3-BF4B-00C04F79EFBC}") = "CrowdinLocalization.Automation", "../../../Shared/Epic Games/UE_5.3/Engine/Source/Programs/AutomationTool/CrowdinLocalization/CrowdinLocalization.Automation.csproj", "{685D9496-BE75-3252-B727-AE495A43925C}"
EndProject
Project("{FAE04EC0-301F-11D3-BF4B-00C04F79EFBC}") = "Gauntlet.Automation", "../../../Shared/Epic Games/UE_5.3/Engine/Source/Programs/AutomationTool/Gauntlet/Gauntlet.Automation.csproj", "{85BCA816-13B9-3842-901C-1A3EDE4963D1}"
EndProject
Project("{FAE04EC0-301F-11D3-BF4B-00C04F79EFBC}") = "IOS.Automation", "../../../Shared/Epic Games/UE_5.3/Engine/Source/Programs/AutomationTool/IOS/IOS.Automation.csproj", "{C62911A0-FC33-3AAB-8D35-3D353E100FE7}"
EndProject
Project("{FAE04EC0-301F-11D3-BF4B-00C04F79EFBC}") = "Linux.Automation", "../../../Shared/Epic Games/UE_5.3/Engine/Source/Programs/AutomationTool/Linux/Linux.Automation.csproj", "{5E1FB1A7-A8D8-3D63-AC1E-181AADD87B79}"
EndProject
Project("{FAE04EC0-301F-11D3-BF4B-00C04F79EFBC}") = "Localization.Automation", "../../../Shared/Epic Games/UE_5.3/Engine/Source/Programs/AutomationTool/Localization/Localization.Automation.csproj", "{85C80919-E960-3641-AA9A-934FA68B17BE}"
EndProject
Project("{FAE04EC0-301F-11D3-BF4B-00C04F79EFBC}") = "LowLevelTests.Automation", "../../../Shared/Epic Games/UE_5.3/Engine/Source/Programs/AutomationTool/LowLevelTests/LowLevelTests.Automation.csproj", "{1876FDBF-8AEB-3BC2-80BB-70CEC829FA53}"
EndProject
Project("{FAE04EC0-301F-11D3-BF4B-00C04F79EFBC}") = "Mac.Automation", "../../../Shared/Epic Games/UE_5.3/Engine/Source/Programs/AutomationTool/Mac/Mac.Automation.csproj", "{79E56AA8-0BB2-3D6D-80C0-DD7BE0E0153C}"
EndProject
Project("{FAE04EC0-301F-11D3-BF4B-00C04F79EFBC}") = "OneSkyLocalization.Automation", "../../../Shared/Epic Games/UE_5.3/Engine/Source/Programs/AutomationTool/OneSkyLocalization/OneSkyLocalization.Automation.csproj", "{4EBAEBA6-87A6-36B5-BED5-3FB6C11D498E}"
EndProject
Project("{FAE04EC0-301F-11D3-BF4B-00C04F79EFBC}") = "AutomationScripts.Automation", "../../../Shared/Epic Games/UE_5.3/Engine/Source/Programs/AutomationTool/Scripts/AutomationScripts.Automation.csproj", "{F9B48319-FB04-34AC-B401-FC102F504F53}"
EndProject
Project("{FAE04EC0-301F-11D3-BF4B-00C04F79EFBC}") = "SmartlingLocalization.Automation", "../../../Shared/Epic Games/UE_5.3/Engine/Source/Programs/AutomationTool/SmartlingLocalization/SmartlingLocalization.Automation.csproj", "{5D77DF92-F44E-380A-80B6-11985AA5E121}"
EndProject
Project("{FAE04EC0-301F-11D3-BF4B-00C04F79EFBC}") = "SteamDeck.Automation", "../../../Shared/Epic Games/UE_5.3/Engine/Source/Programs/AutomationTool/SteamDeck/SteamDeck.Automation.csproj", "{A11E2546-0220-3815-A3AB-0D9FBF2B0C79}"
EndProject
Project("{FAE04EC0-301F-11D3-BF4B-00C04F79EFBC}") = "TVOS.Automation", "../../../Shared/Epic Games/UE_5.3/Engine/Source/Programs/AutomationTool/TVOS/TVOS.Automation.csproj", "{D1D81BD5-D8A8-3F1A-96FF-6F90B72A1B91}"
EndProject
Project("{FAE04EC0-301F-11D3-BF4B-00C04F79EFBC}") = "Turnkey.Automation", "../../../Shared/Epic Games/UE_5.3/Engine/Source/Programs/AutomationTool/Turnkey/Turnkey.Automation.csproj", "{778D792B-89B0-399A-865C-892BAD6D5CC0}"
EndProject
Project("{FAE04EC0-301F-11D3-BF4B-00C04F79EFBC}") = "Win.Automation", "../../../Shared/Epic Games/UE_5.3/Engine/Source/Programs/AutomationTool/Win/Win.Automation.csproj", "{7738BFCB-8FD6-394B-942A-1C569F235244}"
EndProject
Project("{FAE04EC0-301F-11D3-BF4B-00C04F79EFBC}") = "XLocLocalization.Automation", "../../../Shared/Epic Games/UE_5.3/Engine/Source/Programs/AutomationTool/XLocLocalization/XLocLocalization.Automation.csproj", "{36CD066B-7799-3152-9064-7E81082D1231}"
EndProject
Project("{FAE04EC0-301F-11D3-BF4B-00C04F79EFBC}") = "ScriptGeneratorUbtPlugin.ubtplugin", "../../../Shared/Epic Games/UE_5.3/Engine/Plugins/ScriptPlugin/Source/ScriptGeneratorUbtPlugin/ScriptGeneratorUbtPlugin.ubtplugin.csproj", "{D0F7BF48-A0B8-37C4-983C-9D497CFE1DE9}"
EndProject
Project("{FAE04EC0-301F-11D3-BF4B-00C04F79EFBC}") = "EpicGames.MongoDB", "../../../Shared/Epic Games/UE_5.3/Engine/Source/Programs/Shared/EpicGames.MongoDB/EpicGames.MongoDB.csproj", "{2A1FEF98-5A4E-3012-A2C2-56338E249140}"
EndProject
Project("{FAE04EC0-301F-11D3-BF4B-00C04F79EFBC}") = "EpicGames.Perforce.Managed", "../../../Shared/Epic Games/UE_5.3/Engine/Source/Programs/Shared/EpicGames.Perforce.Managed/EpicGames.Perforce.Managed.csproj", "{AD038EEE-97B2-3037-95D0-E5DA54C07AD4}"
EndProject
Project("{FAE04EC0-301F-11D3-BF4B-00C04F79EFBC}") = "EpicGames.Jupiter", "../../../Shared/Epic Games/UE_5.3/Engine/Source/Programs/Shared/EpicGames.Jupiter/EpicGames.Jupiter.csproj", "{1E93B070-081F-3075-BE21-738D479E3CE4}"
EndProject
Project("{FAE04EC0-301F-11D3-BF4B-00C04F79EFBC}") = "EpicGames.BuildGraph", "../../../Shared/Epic Games/UE_5.3/Engine/Source/Programs/Shared/EpicGames.BuildGraph/EpicGames.BuildGraph.csproj", "{766B47EA-8309-3D89-936A-BF8E6245716A}"
EndProject
Project("{FAE04EC0-301F-11D3-BF4B-00C04F79EFBC}") = "EpicGames.Build", "../../../Shared/Epic Games/UE_5.3/Engine/Source/Programs/Shared/EpicGames.Build/EpicGames.Build.csproj", "{55AE3B19-F452-3364-A238-62E41DFD717B}"
EndProject
Project("{FAE04EC0-301F-11D3-BF4B-00C04F79EFBC}") = "EpicGames.Slack", "../../../Shared/Epic Games/UE_5.3/Engine/Source/Programs/Shared/EpicGames.Slack/EpicGames.Slack.csproj", "{C1FDCADD-FBBC-3649-990C-D0E5EFC66B15}"
EndProject
Project("{FAE04EC0-301F-11D3-BF4B-00C04F79EFBC}") = "EpicGames.Core", "../../../Shared/Epic Games/UE_5.3/Engine/Source/Programs/Shared/EpicGames.Core/EpicGames.Core.csproj", "{72EB6E27-D49E-36B8-ABF7-16F025C080C7}"
EndProject
Project("{FAE04EC0-301F-11D3-BF4B-00C04F79EFBC}") = "EpicGames.Perforce.Fixture", "../../../Shared/Epic Games/UE_5.3/Engine/Source/Programs/Shared/EpicGames.Perforce.Fixture/EpicGames.Perforce.Fixture.csproj", "{DF8E129B-203E-34EA-9592-DC92140653F9}"
EndProject
Project("{FAE04EC0-301F-11D3-BF4B-00C04F79EFBC}") = "EpicGames.Oodle", "../../../Shared/Epic Games/UE_5.3/Engine/Source/Programs/Shared/EpicGames.Oodle/EpicGames.Oodle.csproj", "{05E9C5EF-DE2D-38EF-9700-D05FC4FDF6D6}"
EndProject
Project("{FAE04EC0-301F-11D3-BF4B-00C04F79EFBC}") = "EpicGames.MsBuild", "../../../Shared/Epic Games/UE_5.3/Engine/Source/Programs/Shared/EpicGames.MsBuild/EpicGames.MsBuild.csproj", "{2AB1B235-972D-31FB-B8EF-6E5214B63349}"
EndProject
Project("{FAE04EC0-301F-11D3-BF4B-00C04F79EFBC}") = "EpicGames.Perforce", "../../../Shared/Epic Games/UE_5.3/Engine/Source/Programs/Shared/EpicGames.Perforce/EpicGames.Perforce.csproj", "{8E91983F-9EDF-397A-B9B8-29B8E34067B4}"
EndProject
Project("{FAE04EC0-301F-11D3-BF4B-00C04F79EFBC}") = "EpicGames.Tracing", "../../../Shared/Epic Games/UE_5.3/Engine/Source/Programs/Shared/EpicGames.Tracing/EpicGames.Tracing.csproj", "{769A6E07-3E5A-309F-AC5A-4FFC3776BB96}"
EndProject
Project("{FAE04EC0-301F-11D3-BF4B-00C04F79EFBC}") = "EpicGames.AspNet", "../../../Shared/Epic Games/UE_5.3/Engine/Source/Programs/Shared/EpicGames.AspNet/EpicGames.AspNet.csproj", "{60469FEA-0F9D-3E58-9301-3733C4413A65}"
EndProject
Project("{FAE04EC0-301F-11D3-BF4B-00C04F79EFBC}") = "EpicGames.OIDC", "../../../Shared/Epic Games/UE_5.3/Engine/Source/Programs/Shared/EpicGames.OIDC/EpicGames.OIDC.csproj", "{F03327D2-FF9B-3DDD-B126-DCA2F77247F1}"
EndProject
Project("{FAE04EC0-301F-11D3-BF4B-00C04F79EFBC}") = "EpicGames.Horde", "../../../Shared/Epic Games/UE_5.3/Engine/Source/Programs/Shared/EpicGames.Horde/EpicGames.Horde.csproj", "{D329A36E-B172-37C8-B737-3E005337CC14}"
EndProject
Project("{FAE04EC0-301F-11D3-BF4B-00C04F79EFBC}") = "EpicGames.IoHash", "../../../Shared/Epic Games/UE_5.3/Engine/Source/Programs/Shared/EpicGames.IoHash/EpicGames.IoHash.csproj", "{BEE4E7BA-C5E4-32B5-847D-81BB48C1FC25}"
EndProject
Project("{FAE04EC0-301F-11D3-BF4B-00C04F79EFBC}") = "EpicGames.Serialization", "../../../Shared/Epic Games/UE_5.3/Engine/Source/Programs/Shared/EpicGames.Serialization/EpicGames.Serialization.csproj", "{F444A6AC-7D88-34FC-8D80-D301364FCD67}"
EndProject
Project("{FAE04EC0-301F-11D3-BF4B-00C04F79EFBC}") = "EpicGames.Redis", "../../../Shared/Epic Games/UE_5.3/Engine/Source/Programs/Shared/EpicGames.Redis/EpicGames.Redis.csproj", "{24ED8D0F-248F-3E79-9256-5684A8735BAA}"
EndProject
Project("{FAE04EC0-301F-11D3-BF4B-00C04F79EFBC}") = "EpicGames.UHT", "../../../Shared/Epic Games/UE_5.3/Engine/Source/Programs/Shared/EpicGames.UHT/EpicGames.UHT.csproj", "{6FF6DBC3-AAEE-3AF9-A977-4A49A0C1A0A2}"
EndProject
Project("{FAE04EC0-301F-11D3-BF4B-00C04F79EFBC}") = "EpicGames.Box", "../../../Shared/Epic Games/UE_5.3/Engine/Source/Programs/Shared/EpicGames.Box/EpicGames.Box.csproj", "{28834C99-8FBD-3EF1-BF76-E8E4BACCC160}"
EndProject
Project("{FAE04EC0-301F-11D3-BF4B-00C04F79EFBC}") = "AuraModuleRules", "Intermediate/Build/BuildRulesProjects/AuraModuleRules/AuraModuleRules.csproj", "{61CE83B9-2C15-33F0-BDD5-602AAB838F41}"
EndProject
Project("{FAE04EC0-301F-11D3-BF4B-00C04F79EFBC}") = "MarketplaceRules", "../../../Shared/Epic Games/UE_5.3/Engine/Intermediate/Build/BuildRulesProjects/MarketplaceRules/MarketplaceRules.csproj", "{8DD1780C-058B-3D8E-8421-F105BCF2B55A}"
EndProject
Project("{FAE04EC0-301F-11D3-BF4B-00C04F79EFBC}") = "UE5ProgramRules", "../../../Shared/Epic Games/UE_5.3/Engine/Intermediate/Build/BuildRulesProjects/UE5ProgramRules/UE5ProgramRules.csproj", "{38A3C599-CEAD-3224-9F48-570203AB2498}"
EndProject
Project("{FAE04EC0-301F-11D3-BF4B-00C04F79EFBC}") = "UE5Rules", "../../../Shared/Epic Games/UE_5.3/Engine/Intermediate/Build/BuildRulesProjects/UE5Rules/UE5Rules.csproj", "{4A7AB581-7D5A-3157-A913-A9259EBB23B0}"
EndProject
Project("{2150E333-8FDC-42A3-9474-1A3956D46DE8}") = "Visualizers", "Visualizers", "{1CCEC849-CC72-4C59-8C36-2F7C38706D4C}"
	ProjectSection(SolutionItems) = preProject
		../../../Shared/Epic Games/UE_5.3/Engine/Extras/VisualStudioDebugging/Unreal.natvis = ../../../Shared/Epic Games/UE_5.3/Engine/Extras/VisualStudioDebugging/Unreal.natvis
		../../../Shared/Epic Games/UE_5.3/Engine/Extras/VisualStudioDebugging/Unreal.natstepfilter = ../../../Shared/Epic Games/UE_5.3/Engine/Extras/VisualStudioDebugging/Unreal.natstepfilter
	EndProjectSection
EndProject
Global
	GlobalSection(SolutionConfigurationPlatforms) = preSolution
		DebugGame|IOS = DebugGame|IOS
		DebugGame|Mac = DebugGame|Mac
		DebugGame|TVOS = DebugGame|TVOS
		Development|IOS = Development|IOS
		Development|Mac = Development|Mac
		Development|TVOS = Development|TVOS
		Shipping|IOS = Shipping|IOS
		Shipping|Mac = Shipping|Mac
		Shipping|TVOS = Shipping|TVOS
	EndGlobalSection
	# UnrealVS Section
	GlobalSection(ddbf523f-7eb6-4887-bd51-85a714ff87eb) = preSolution
		AvailablePlatforms=Mac;IOS;TVOS
	EndGlobalSection
	GlobalSection(ProjectConfigurationPlatforms) = postSolution
		{BA643C0D-FE55-355F-94E2-FFA6B50EA5A0}.DebugGame|IOS.ActiveCfg = Development|Any CPU
		{BA643C0D-FE55-355F-94E2-FFA6B50EA5A0}.DebugGame|IOS.Build.0 = Development|Any CPU
		{BA643C0D-FE55-355F-94E2-FFA6B50EA5A0}.DebugGame|Mac.ActiveCfg = Development|Any CPU
		{BA643C0D-FE55-355F-94E2-FFA6B50EA5A0}.DebugGame|Mac.Build.0 = Development|Any CPU
		{BA643C0D-FE55-355F-94E2-FFA6B50EA5A0}.DebugGame|TVOS.ActiveCfg = Development|Any CPU
		{BA643C0D-FE55-355F-94E2-FFA6B50EA5A0}.DebugGame|TVOS.Build.0 = Development|Any CPU
		{BA643C0D-FE55-355F-94E2-FFA6B50EA5A0}.Development|IOS.ActiveCfg = Development|Any CPU
		{BA643C0D-FE55-355F-94E2-FFA6B50EA5A0}.Development|IOS.Build.0 = Development|Any CPU
		{BA643C0D-FE55-355F-94E2-FFA6B50EA5A0}.Development|Mac.ActiveCfg = Development|Any CPU
		{BA643C0D-FE55-355F-94E2-FFA6B50EA5A0}.Development|Mac.Build.0 = Development|Any CPU
		{BA643C0D-FE55-355F-94E2-FFA6B50EA5A0}.Development|TVOS.ActiveCfg = Development|Any CPU
		{BA643C0D-FE55-355F-94E2-FFA6B50EA5A0}.Development|TVOS.Build.0 = Development|Any CPU
		{BA643C0D-FE55-355F-94E2-FFA6B50EA5A0}.Shipping|IOS.ActiveCfg = Development|Any CPU
		{BA643C0D-FE55-355F-94E2-FFA6B50EA5A0}.Shipping|IOS.Build.0 = Development|Any CPU
		{BA643C0D-FE55-355F-94E2-FFA6B50EA5A0}.Shipping|Mac.ActiveCfg = Development|Any CPU
		{BA643C0D-FE55-355F-94E2-FFA6B50EA5A0}.Shipping|Mac.Build.0 = Development|Any CPU
		{BA643C0D-FE55-355F-94E2-FFA6B50EA5A0}.Shipping|TVOS.ActiveCfg = Development|Any CPU
		{BA643C0D-FE55-355F-94E2-FFA6B50EA5A0}.Shipping|TVOS.Build.0 = Development|Any CPU
		{EBD8976D-C225-3BD8-8B52-7BFB4A6401AB}.DebugGame|IOS.ActiveCfg = Development|Any CPU
		{EBD8976D-C225-3BD8-8B52-7BFB4A6401AB}.DebugGame|IOS.Build.0 = Development|Any CPU
		{EBD8976D-C225-3BD8-8B52-7BFB4A6401AB}.DebugGame|Mac.ActiveCfg = Development|Any CPU
		{EBD8976D-C225-3BD8-8B52-7BFB4A6401AB}.DebugGame|Mac.Build.0 = Development|Any CPU
		{EBD8976D-C225-3BD8-8B52-7BFB4A6401AB}.DebugGame|TVOS.ActiveCfg = Development|Any CPU
		{EBD8976D-C225-3BD8-8B52-7BFB4A6401AB}.DebugGame|TVOS.Build.0 = Development|Any CPU
		{EBD8976D-C225-3BD8-8B52-7BFB4A6401AB}.Development|IOS.ActiveCfg = Development|Any CPU
		{EBD8976D-C225-3BD8-8B52-7BFB4A6401AB}.Development|IOS.Build.0 = Development|Any CPU
		{EBD8976D-C225-3BD8-8B52-7BFB4A6401AB}.Development|Mac.ActiveCfg = Development|Any CPU
		{EBD8976D-C225-3BD8-8B52-7BFB4A6401AB}.Development|Mac.Build.0 = Development|Any CPU
		{EBD8976D-C225-3BD8-8B52-7BFB4A6401AB}.Development|TVOS.ActiveCfg = Development|Any CPU
		{EBD8976D-C225-3BD8-8B52-7BFB4A6401AB}.Development|TVOS.Build.0 = Development|Any CPU
		{EBD8976D-C225-3BD8-8B52-7BFB4A6401AB}.Shipping|IOS.ActiveCfg = Development|Any CPU
		{EBD8976D-C225-3BD8-8B52-7BFB4A6401AB}.Shipping|IOS.Build.0 = Development|Any CPU
		{EBD8976D-C225-3BD8-8B52-7BFB4A6401AB}.Shipping|Mac.ActiveCfg = Development|Any CPU
		{EBD8976D-C225-3BD8-8B52-7BFB4A6401AB}.Shipping|Mac.Build.0 = Development|Any CPU
		{EBD8976D-C225-3BD8-8B52-7BFB4A6401AB}.Shipping|TVOS.ActiveCfg = Development|Any CPU
		{EBD8976D-C225-3BD8-8B52-7BFB4A6401AB}.Shipping|TVOS.Build.0 = Development|Any CPU
		{261286C5-FEAD-3038-BA37-4BFF03A39465}.DebugGame|IOS.ActiveCfg = Development|Any CPU
		{261286C5-FEAD-3038-BA37-4BFF03A39465}.DebugGame|IOS.Build.0 = Development|Any CPU
		{261286C5-FEAD-3038-BA37-4BFF03A39465}.DebugGame|Mac.ActiveCfg = Development|Any CPU
		{261286C5-FEAD-3038-BA37-4BFF03A39465}.DebugGame|Mac.Build.0 = Development|Any CPU
		{261286C5-FEAD-3038-BA37-4BFF03A39465}.DebugGame|TVOS.ActiveCfg = Development|Any CPU
		{261286C5-FEAD-3038-BA37-4BFF03A39465}.DebugGame|TVOS.Build.0 = Development|Any CPU
		{261286C5-FEAD-3038-BA37-4BFF03A39465}.Development|IOS.ActiveCfg = Development|Any CPU
		{261286C5-FEAD-3038-BA37-4BFF03A39465}.Development|IOS.Build.0 = Development|Any CPU
		{261286C5-FEAD-3038-BA37-4BFF03A39465}.Development|Mac.ActiveCfg = Development|Any CPU
		{261286C5-FEAD-3038-BA37-4BFF03A39465}.Development|Mac.Build.0 = Development|Any CPU
		{261286C5-FEAD-3038-BA37-4BFF03A39465}.Development|TVOS.ActiveCfg = Development|Any CPU
		{261286C5-FEAD-3038-BA37-4BFF03A39465}.Development|TVOS.Build.0 = Development|Any CPU
		{261286C5-FEAD-3038-BA37-4BFF03A39465}.Shipping|IOS.ActiveCfg = Development|Any CPU
		{261286C5-FEAD-3038-BA37-4BFF03A39465}.Shipping|IOS.Build.0 = Development|Any CPU
		{261286C5-FEAD-3038-BA37-4BFF03A39465}.Shipping|Mac.ActiveCfg = Development|Any CPU
		{261286C5-FEAD-3038-BA37-4BFF03A39465}.Shipping|Mac.Build.0 = Development|Any CPU
		{261286C5-FEAD-3038-BA37-4BFF03A39465}.Shipping|TVOS.ActiveCfg = Development|Any CPU
		{261286C5-FEAD-3038-BA37-4BFF03A39465}.Shipping|TVOS.Build.0 = Development|Any CPU
		{99FD6866-9D6D-3171-9ECE-3DFCF6AD21FE}.DebugGame|IOS.ActiveCfg = Development|Any CPU
		{99FD6866-9D6D-3171-9ECE-3DFCF6AD21FE}.DebugGame|IOS.Build.0 = Development|Any CPU
		{99FD6866-9D6D-3171-9ECE-3DFCF6AD21FE}.DebugGame|Mac.ActiveCfg = Development|Any CPU
		{99FD6866-9D6D-3171-9ECE-3DFCF6AD21FE}.DebugGame|Mac.Build.0 = Development|Any CPU
		{99FD6866-9D6D-3171-9ECE-3DFCF6AD21FE}.DebugGame|TVOS.ActiveCfg = Development|Any CPU
		{99FD6866-9D6D-3171-9ECE-3DFCF6AD21FE}.DebugGame|TVOS.Build.0 = Development|Any CPU
		{99FD6866-9D6D-3171-9ECE-3DFCF6AD21FE}.Development|IOS.ActiveCfg = Development|Any CPU
		{99FD6866-9D6D-3171-9ECE-3DFCF6AD21FE}.Development|IOS.Build.0 = Development|Any CPU
		{99FD6866-9D6D-3171-9ECE-3DFCF6AD21FE}.Development|Mac.ActiveCfg = Development|Any CPU
		{99FD6866-9D6D-3171-9ECE-3DFCF6AD21FE}.Development|Mac.Build.0 = Development|Any CPU
		{99FD6866-9D6D-3171-9ECE-3DFCF6AD21FE}.Development|TVOS.ActiveCfg = Development|Any CPU
		{99FD6866-9D6D-3171-9ECE-3DFCF6AD21FE}.Development|TVOS.Build.0 = Development|Any CPU
		{99FD6866-9D6D-3171-9ECE-3DFCF6AD21FE}.Shipping|IOS.ActiveCfg = Development|Any CPU
		{99FD6866-9D6D-3171-9ECE-3DFCF6AD21FE}.Shipping|IOS.Build.0 = Development|Any CPU
		{99FD6866-9D6D-3171-9ECE-3DFCF6AD21FE}.Shipping|Mac.ActiveCfg = Development|Any CPU
		{99FD6866-9D6D-3171-9ECE-3DFCF6AD21FE}.Shipping|Mac.Build.0 = Development|Any CPU
		{99FD6866-9D6D-3171-9ECE-3DFCF6AD21FE}.Shipping|TVOS.ActiveCfg = Development|Any CPU
		{99FD6866-9D6D-3171-9ECE-3DFCF6AD21FE}.Shipping|TVOS.Build.0 = Development|Any CPU
		{E87BFB56-2A5E-3BF3-9D9B-2B6EA04C5A12}.DebugGame|IOS.ActiveCfg = Development|Any CPU
		{E87BFB56-2A5E-3BF3-9D9B-2B6EA04C5A12}.DebugGame|IOS.Build.0 = Development|Any CPU
		{E87BFB56-2A5E-3BF3-9D9B-2B6EA04C5A12}.DebugGame|Mac.ActiveCfg = Development|Any CPU
		{E87BFB56-2A5E-3BF3-9D9B-2B6EA04C5A12}.DebugGame|Mac.Build.0 = Development|Any CPU
		{E87BFB56-2A5E-3BF3-9D9B-2B6EA04C5A12}.DebugGame|TVOS.ActiveCfg = Development|Any CPU
		{E87BFB56-2A5E-3BF3-9D9B-2B6EA04C5A12}.DebugGame|TVOS.Build.0 = Development|Any CPU
		{E87BFB56-2A5E-3BF3-9D9B-2B6EA04C5A12}.Development|IOS.ActiveCfg = Development|Any CPU
		{E87BFB56-2A5E-3BF3-9D9B-2B6EA04C5A12}.Development|IOS.Build.0 = Development|Any CPU
		{E87BFB56-2A5E-3BF3-9D9B-2B6EA04C5A12}.Development|Mac.ActiveCfg = Development|Any CPU
		{E87BFB56-2A5E-3BF3-9D9B-2B6EA04C5A12}.Development|Mac.Build.0 = Development|Any CPU
		{E87BFB56-2A5E-3BF3-9D9B-2B6EA04C5A12}.Development|TVOS.ActiveCfg = Development|Any CPU
		{E87BFB56-2A5E-3BF3-9D9B-2B6EA04C5A12}.Development|TVOS.Build.0 = Development|Any CPU
		{E87BFB56-2A5E-3BF3-9D9B-2B6EA04C5A12}.Shipping|IOS.ActiveCfg = Development|Any CPU
		{E87BFB56-2A5E-3BF3-9D9B-2B6EA04C5A12}.Shipping|IOS.Build.0 = Development|Any CPU
		{E87BFB56-2A5E-3BF3-9D9B-2B6EA04C5A12}.Shipping|Mac.ActiveCfg = Development|Any CPU
		{E87BFB56-2A5E-3BF3-9D9B-2B6EA04C5A12}.Shipping|Mac.Build.0 = Development|Any CPU
		{E87BFB56-2A5E-3BF3-9D9B-2B6EA04C5A12}.Shipping|TVOS.ActiveCfg = Development|Any CPU
		{E87BFB56-2A5E-3BF3-9D9B-2B6EA04C5A12}.Shipping|TVOS.Build.0 = Development|Any CPU
		{B7F63FAC-A56C-3959-B756-ED07A9458D0C}.DebugGame|IOS.ActiveCfg = Development|Any CPU
		{B7F63FAC-A56C-3959-B756-ED07A9458D0C}.DebugGame|IOS.Build.0 = Development|Any CPU
		{B7F63FAC-A56C-3959-B756-ED07A9458D0C}.DebugGame|Mac.ActiveCfg = Development|Any CPU
		{B7F63FAC-A56C-3959-B756-ED07A9458D0C}.DebugGame|Mac.Build.0 = Development|Any CPU
		{B7F63FAC-A56C-3959-B756-ED07A9458D0C}.DebugGame|TVOS.ActiveCfg = Development|Any CPU
		{B7F63FAC-A56C-3959-B756-ED07A9458D0C}.DebugGame|TVOS.Build.0 = Development|Any CPU
		{B7F63FAC-A56C-3959-B756-ED07A9458D0C}.Development|IOS.ActiveCfg = Development|Any CPU
		{B7F63FAC-A56C-3959-B756-ED07A9458D0C}.Development|IOS.Build.0 = Development|Any CPU
		{B7F63FAC-A56C-3959-B756-ED07A9458D0C}.Development|Mac.ActiveCfg = Development|Any CPU
		{B7F63FAC-A56C-3959-B756-ED07A9458D0C}.Development|Mac.Build.0 = Development|Any CPU
		{B7F63FAC-A56C-3959-B756-ED07A9458D0C}.Development|TVOS.ActiveCfg = Development|Any CPU
		{B7F63FAC-A56C-3959-B756-ED07A9458D0C}.Development|TVOS.Build.0 = Development|Any CPU
		{B7F63FAC-A56C-3959-B756-ED07A9458D0C}.Shipping|IOS.ActiveCfg = Development|Any CPU
		{B7F63FAC-A56C-3959-B756-ED07A9458D0C}.Shipping|IOS.Build.0 = Development|Any CPU
		{B7F63FAC-A56C-3959-B756-ED07A9458D0C}.Shipping|Mac.ActiveCfg = Development|Any CPU
		{B7F63FAC-A56C-3959-B756-ED07A9458D0C}.Shipping|Mac.Build.0 = Development|Any CPU
		{B7F63FAC-A56C-3959-B756-ED07A9458D0C}.Shipping|TVOS.ActiveCfg = Development|Any CPU
		{B7F63FAC-A56C-3959-B756-ED07A9458D0C}.Shipping|TVOS.Build.0 = Development|Any CPU
		{3DA56524-F689-305F-AF2F-1B9AD189A2B2}.DebugGame|IOS.ActiveCfg = Development|Any CPU
		{3DA56524-F689-305F-AF2F-1B9AD189A2B2}.DebugGame|IOS.Build.0 = Development|Any CPU
		{3DA56524-F689-305F-AF2F-1B9AD189A2B2}.DebugGame|Mac.ActiveCfg = Development|Any CPU
		{3DA56524-F689-305F-AF2F-1B9AD189A2B2}.DebugGame|Mac.Build.0 = Development|Any CPU
		{3DA56524-F689-305F-AF2F-1B9AD189A2B2}.DebugGame|TVOS.ActiveCfg = Development|Any CPU
		{3DA56524-F689-305F-AF2F-1B9AD189A2B2}.DebugGame|TVOS.Build.0 = Development|Any CPU
		{3DA56524-F689-305F-AF2F-1B9AD189A2B2}.Development|IOS.ActiveCfg = Development|Any CPU
		{3DA56524-F689-305F-AF2F-1B9AD189A2B2}.Development|IOS.Build.0 = Development|Any CPU
		{3DA56524-F689-305F-AF2F-1B9AD189A2B2}.Development|Mac.ActiveCfg = Development|Any CPU
		{3DA56524-F689-305F-AF2F-1B9AD189A2B2}.Development|Mac.Build.0 = Development|Any CPU
		{3DA56524-F689-305F-AF2F-1B9AD189A2B2}.Development|TVOS.ActiveCfg = Development|Any CPU
		{3DA56524-F689-305F-AF2F-1B9AD189A2B2}.Development|TVOS.Build.0 = Development|Any CPU
		{3DA56524-F689-305F-AF2F-1B9AD189A2B2}.Shipping|IOS.ActiveCfg = Development|Any CPU
		{3DA56524-F689-305F-AF2F-1B9AD189A2B2}.Shipping|IOS.Build.0 = Development|Any CPU
		{3DA56524-F689-305F-AF2F-1B9AD189A2B2}.Shipping|Mac.ActiveCfg = Development|Any CPU
		{3DA56524-F689-305F-AF2F-1B9AD189A2B2}.Shipping|Mac.Build.0 = Development|Any CPU
		{3DA56524-F689-305F-AF2F-1B9AD189A2B2}.Shipping|TVOS.ActiveCfg = Development|Any CPU
		{3DA56524-F689-305F-AF2F-1B9AD189A2B2}.Shipping|TVOS.Build.0 = Development|Any CPU
		{685D9496-BE75-3252-B727-AE495A43925C}.DebugGame|IOS.ActiveCfg = Development|Any CPU
		{685D9496-BE75-3252-B727-AE495A43925C}.DebugGame|IOS.Build.0 = Development|Any CPU
		{685D9496-BE75-3252-B727-AE495A43925C}.DebugGame|Mac.ActiveCfg = Development|Any CPU
		{685D9496-BE75-3252-B727-AE495A43925C}.DebugGame|Mac.Build.0 = Development|Any CPU
		{685D9496-BE75-3252-B727-AE495A43925C}.DebugGame|TVOS.ActiveCfg = Development|Any CPU
		{685D9496-BE75-3252-B727-AE495A43925C}.DebugGame|TVOS.Build.0 = Development|Any CPU
		{685D9496-BE75-3252-B727-AE495A43925C}.Development|IOS.ActiveCfg = Development|Any CPU
		{685D9496-BE75-3252-B727-AE495A43925C}.Development|IOS.Build.0 = Development|Any CPU
		{685D9496-BE75-3252-B727-AE495A43925C}.Development|Mac.ActiveCfg = Development|Any CPU
		{685D9496-BE75-3252-B727-AE495A43925C}.Development|Mac.Build.0 = Development|Any CPU
		{685D9496-BE75-3252-B727-AE495A43925C}.Development|TVOS.ActiveCfg = Development|Any CPU
		{685D9496-BE75-3252-B727-AE495A43925C}.Development|TVOS.Build.0 = Development|Any CPU
		{685D9496-BE75-3252-B727-AE495A43925C}.Shipping|IOS.ActiveCfg = Development|Any CPU
		{685D9496-BE75-3252-B727-AE495A43925C}.Shipping|IOS.Build.0 = Development|Any CPU
		{685D9496-BE75-3252-B727-AE495A43925C}.Shipping|Mac.ActiveCfg = Development|Any CPU
		{685D9496-BE75-3252-B727-AE495A43925C}.Shipping|Mac.Build.0 = Development|Any CPU
		{685D9496-BE75-3252-B727-AE495A43925C}.Shipping|TVOS.ActiveCfg = Development|Any CPU
		{685D9496-BE75-3252-B727-AE495A43925C}.Shipping|TVOS.Build.0 = Development|Any CPU
		{85BCA816-13B9-3842-901C-1A3EDE4963D1}.DebugGame|IOS.ActiveCfg = Development|Any CPU
		{85BCA816-13B9-3842-901C-1A3EDE4963D1}.DebugGame|IOS.Build.0 = Development|Any CPU
		{85BCA816-13B9-3842-901C-1A3EDE4963D1}.DebugGame|Mac.ActiveCfg = Development|Any CPU
		{85BCA816-13B9-3842-901C-1A3EDE4963D1}.DebugGame|Mac.Build.0 = Development|Any CPU
		{85BCA816-13B9-3842-901C-1A3EDE4963D1}.DebugGame|TVOS.ActiveCfg = Development|Any CPU
		{85BCA816-13B9-3842-901C-1A3EDE4963D1}.DebugGame|TVOS.Build.0 = Development|Any CPU
		{85BCA816-13B9-3842-901C-1A3EDE4963D1}.Development|IOS.ActiveCfg = Development|Any CPU
		{85BCA816-13B9-3842-901C-1A3EDE4963D1}.Development|IOS.Build.0 = Development|Any CPU
		{85BCA816-13B9-3842-901C-1A3EDE4963D1}.Development|Mac.ActiveCfg = Development|Any CPU
		{85BCA816-13B9-3842-901C-1A3EDE4963D1}.Development|Mac.Build.0 = Development|Any CPU
		{85BCA816-13B9-3842-901C-1A3EDE4963D1}.Development|TVOS.ActiveCfg = Development|Any CPU
		{85BCA816-13B9-3842-901C-1A3EDE4963D1}.Development|TVOS.Build.0 = Development|Any CPU
		{85BCA816-13B9-3842-901C-1A3EDE4963D1}.Shipping|IOS.ActiveCfg = Development|Any CPU
		{85BCA816-13B9-3842-901C-1A3EDE4963D1}.Shipping|IOS.Build.0 = Development|Any CPU
		{85BCA816-13B9-3842-901C-1A3EDE4963D1}.Shipping|Mac.ActiveCfg = Development|Any CPU
		{85BCA816-13B9-3842-901C-1A3EDE4963D1}.Shipping|Mac.Build.0 = Development|Any CPU
		{85BCA816-13B9-3842-901C-1A3EDE4963D1}.Shipping|TVOS.ActiveCfg = Development|Any CPU
		{85BCA816-13B9-3842-901C-1A3EDE4963D1}.Shipping|TVOS.Build.0 = Development|Any CPU
		{C62911A0-FC33-3AAB-8D35-3D353E100FE7}.DebugGame|IOS.ActiveCfg = Development|Any CPU
		{C62911A0-FC33-3AAB-8D35-3D353E100FE7}.DebugGame|IOS.Build.0 = Development|Any CPU
		{C62911A0-FC33-3AAB-8D35-3D353E100FE7}.DebugGame|Mac.ActiveCfg = Development|Any CPU
		{C62911A0-FC33-3AAB-8D35-3D353E100FE7}.DebugGame|Mac.Build.0 = Development|Any CPU
		{C62911A0-FC33-3AAB-8D35-3D353E100FE7}.DebugGame|TVOS.ActiveCfg = Development|Any CPU
		{C62911A0-FC33-3AAB-8D35-3D353E100FE7}.DebugGame|TVOS.Build.0 = Development|Any CPU
		{C62911A0-FC33-3AAB-8D35-3D353E100FE7}.Development|IOS.ActiveCfg = Development|Any CPU
		{C62911A0-FC33-3AAB-8D35-3D353E100FE7}.Development|IOS.Build.0 = Development|Any CPU
		{C62911A0-FC33-3AAB-8D35-3D353E100FE7}.Development|Mac.ActiveCfg = Development|Any CPU
		{C62911A0-FC33-3AAB-8D35-3D353E100FE7}.Development|Mac.Build.0 = Development|Any CPU
		{C62911A0-FC33-3AAB-8D35-3D353E100FE7}.Development|TVOS.ActiveCfg = Development|Any CPU
		{C62911A0-FC33-3AAB-8D35-3D353E100FE7}.Development|TVOS.Build.0 = Development|Any CPU
		{C62911A0-FC33-3AAB-8D35-3D353E100FE7}.Shipping|IOS.ActiveCfg = Development|Any CPU
		{C62911A0-FC33-3AAB-8D35-3D353E100FE7}.Shipping|IOS.Build.0 = Development|Any CPU
		{C62911A0-FC33-3AAB-8D35-3D353E100FE7}.Shipping|Mac.ActiveCfg = Development|Any CPU
		{C62911A0-FC33-3AAB-8D35-3D353E100FE7}.Shipping|Mac.Build.0 = Development|Any CPU
		{C62911A0-FC33-3AAB-8D35-3D353E100FE7}.Shipping|TVOS.ActiveCfg = Development|Any CPU
		{C62911A0-FC33-3AAB-8D35-3D353E100FE7}.Shipping|TVOS.Build.0 = Development|Any CPU
		{5E1FB1A7-A8D8-3D63-AC1E-181AADD87B79}.DebugGame|IOS.ActiveCfg = Development|Any CPU
		{5E1FB1A7-A8D8-3D63-AC1E-181AADD87B79}.DebugGame|IOS.Build.0 = Development|Any CPU
		{5E1FB1A7-A8D8-3D63-AC1E-181AADD87B79}.DebugGame|Mac.ActiveCfg = Development|Any CPU
		{5E1FB1A7-A8D8-3D63-AC1E-181AADD87B79}.DebugGame|Mac.Build.0 = Development|Any CPU
		{5E1FB1A7-A8D8-3D63-AC1E-181AADD87B79}.DebugGame|TVOS.ActiveCfg = Development|Any CPU
		{5E1FB1A7-A8D8-3D63-AC1E-181AADD87B79}.DebugGame|TVOS.Build.0 = Development|Any CPU
		{5E1FB1A7-A8D8-3D63-AC1E-181AADD87B79}.Development|IOS.ActiveCfg = Development|Any CPU
		{5E1FB1A7-A8D8-3D63-AC1E-181AADD87B79}.Development|IOS.Build.0 = Development|Any CPU
		{5E1FB1A7-A8D8-3D63-AC1E-181AADD87B79}.Development|Mac.ActiveCfg = Development|Any CPU
		{5E1FB1A7-A8D8-3D63-AC1E-181AADD87B79}.Development|Mac.Build.0 = Development|Any CPU
		{5E1FB1A7-A8D8-3D63-AC1E-181AADD87B79}.Development|TVOS.ActiveCfg = Development|Any CPU
		{5E1FB1A7-A8D8-3D63-AC1E-181AADD87B79}.Development|TVOS.Build.0 = Development|Any CPU
		{5E1FB1A7-A8D8-3D63-AC1E-181AADD87B79}.Shipping|IOS.ActiveCfg = Development|Any CPU
		{5E1FB1A7-A8D8-3D63-AC1E-181AADD87B79}.Shipping|IOS.Build.0 = Development|Any CPU
		{5E1FB1A7-A8D8-3D63-AC1E-181AADD87B79}.Shipping|Mac.ActiveCfg = Development|Any CPU
		{5E1FB1A7-A8D8-3D63-AC1E-181AADD87B79}.Shipping|Mac.Build.0 = Development|Any CPU
		{5E1FB1A7-A8D8-3D63-AC1E-181AADD87B79}.Shipping|TVOS.ActiveCfg = Development|Any CPU
		{5E1FB1A7-A8D8-3D63-AC1E-181AADD87B79}.Shipping|TVOS.Build.0 = Development|Any CPU
		{85C80919-E960-3641-AA9A-934FA68B17BE}.DebugGame|IOS.ActiveCfg = Development|Any CPU
		{85C80919-E960-3641-AA9A-934FA68B17BE}.DebugGame|IOS.Build.0 = Development|Any CPU
		{85C80919-E960-3641-AA9A-934FA68B17BE}.DebugGame|Mac.ActiveCfg = Development|Any CPU
		{85C80919-E960-3641-AA9A-934FA68B17BE}.DebugGame|Mac.Build.0 = Development|Any CPU
		{85C80919-E960-3641-AA9A-934FA68B17BE}.DebugGame|TVOS.ActiveCfg = Development|Any CPU
		{85C80919-E960-3641-AA9A-934FA68B17BE}.DebugGame|TVOS.Build.0 = Development|Any CPU
		{85C80919-E960-3641-AA9A-934FA68B17BE}.Development|IOS.ActiveCfg = Development|Any CPU
		{85C80919-E960-3641-AA9A-934FA68B17BE}.Development|IOS.Build.0 = Development|Any CPU
		{85C80919-E960-3641-AA9A-934FA68B17BE}.Development|Mac.ActiveCfg = Development|Any CPU
		{85C80919-E960-3641-AA9A-934FA68B17BE}.Development|Mac.Build.0 = Development|Any CPU
		{85C80919-E960-3641-AA9A-934FA68B17BE}.Development|TVOS.ActiveCfg = Development|Any CPU
		{85C80919-E960-3641-AA9A-934FA68B17BE}.Development|TVOS.Build.0 = Development|Any CPU
		{85C80919-E960-3641-AA9A-934FA68B17BE}.Shipping|IOS.ActiveCfg = Development|Any CPU
		{85C80919-E960-3641-AA9A-934FA68B17BE}.Shipping|IOS.Build.0 = Development|Any CPU
		{85C80919-E960-3641-AA9A-934FA68B17BE}.Shipping|Mac.ActiveCfg = Development|Any CPU
		{85C80919-E960-3641-AA9A-934FA68B17BE}.Shipping|Mac.Build.0 = Development|Any CPU
		{85C80919-E960-3641-AA9A-934FA68B17BE}.Shipping|TVOS.ActiveCfg = Development|Any CPU
		{85C80919-E960-3641-AA9A-934FA68B17BE}.Shipping|TVOS.Build.0 = Development|Any CPU
		{1876FDBF-8AEB-3BC2-80BB-70CEC829FA53}.DebugGame|IOS.ActiveCfg = Development|Any CPU
		{1876FDBF-8AEB-3BC2-80BB-70CEC829FA53}.DebugGame|IOS.Build.0 = Development|Any CPU
		{1876FDBF-8AEB-3BC2-80BB-70CEC829FA53}.DebugGame|Mac.ActiveCfg = Development|Any CPU
		{1876FDBF-8AEB-3BC2-80BB-70CEC829FA53}.DebugGame|Mac.Build.0 = Development|Any CPU
		{1876FDBF-8AEB-3BC2-80BB-70CEC829FA53}.DebugGame|TVOS.ActiveCfg = Development|Any CPU
		{1876FDBF-8AEB-3BC2-80BB-70CEC829FA53}.DebugGame|TVOS.Build.0 = Development|Any CPU
		{1876FDBF-8AEB-3BC2-80BB-70CEC829FA53}.Development|IOS.ActiveCfg = Development|Any CPU
		{1876FDBF-8AEB-3BC2-80BB-70CEC829FA53}.Development|IOS.Build.0 = Development|Any CPU
		{1876FDBF-8AEB-3BC2-80BB-70CEC829FA53}.Development|Mac.ActiveCfg = Development|Any CPU
		{1876FDBF-8AEB-3BC2-80BB-70CEC829FA53}.Development|Mac.Build.0 = Development|Any CPU
		{1876FDBF-8AEB-3BC2-80BB-70CEC829FA53}.Development|TVOS.ActiveCfg = Development|Any CPU
		{1876FDBF-8AEB-3BC2-80BB-70CEC829FA53}.Development|TVOS.Build.0 = Development|Any CPU
		{1876FDBF-8AEB-3BC2-80BB-70CEC829FA53}.Shipping|IOS.ActiveCfg = Development|Any CPU
		{1876FDBF-8AEB-3BC2-80BB-70CEC829FA53}.Shipping|IOS.Build.0 = Development|Any CPU
		{1876FDBF-8AEB-3BC2-80BB-70CEC829FA53}.Shipping|Mac.ActiveCfg = Development|Any CPU
		{1876FDBF-8AEB-3BC2-80BB-70CEC829FA53}.Shipping|Mac.Build.0 = Development|Any CPU
		{1876FDBF-8AEB-3BC2-80BB-70CEC829FA53}.Shipping|TVOS.ActiveCfg = Development|Any CPU
		{1876FDBF-8AEB-3BC2-80BB-70CEC829FA53}.Shipping|TVOS.Build.0 = Development|Any CPU
		{79E56AA8-0BB2-3D6D-80C0-DD7BE0E0153C}.DebugGame|IOS.ActiveCfg = Development|Any CPU
		{79E56AA8-0BB2-3D6D-80C0-DD7BE0E0153C}.DebugGame|IOS.Build.0 = Development|Any CPU
		{79E56AA8-0BB2-3D6D-80C0-DD7BE0E0153C}.DebugGame|Mac.ActiveCfg = Development|Any CPU
		{79E56AA8-0BB2-3D6D-80C0-DD7BE0E0153C}.DebugGame|Mac.Build.0 = Development|Any CPU
		{79E56AA8-0BB2-3D6D-80C0-DD7BE0E0153C}.DebugGame|TVOS.ActiveCfg = Development|Any CPU
		{79E56AA8-0BB2-3D6D-80C0-DD7BE0E0153C}.DebugGame|TVOS.Build.0 = Development|Any CPU
		{79E56AA8-0BB2-3D6D-80C0-DD7BE0E0153C}.Development|IOS.ActiveCfg = Development|Any CPU
		{79E56AA8-0BB2-3D6D-80C0-DD7BE0E0153C}.Development|IOS.Build.0 = Development|Any CPU
		{79E56AA8-0BB2-3D6D-80C0-DD7BE0E0153C}.Development|Mac.ActiveCfg = Development|Any CPU
		{79E56AA8-0BB2-3D6D-80C0-DD7BE0E0153C}.Development|Mac.Build.0 = Development|Any CPU
		{79E56AA8-0BB2-3D6D-80C0-DD7BE0E0153C}.Development|TVOS.ActiveCfg = Development|Any CPU
		{79E56AA8-0BB2-3D6D-80C0-DD7BE0E0153C}.Development|TVOS.Build.0 = Development|Any CPU
		{79E56AA8-0BB2-3D6D-80C0-DD7BE0E0153C}.Shipping|IOS.ActiveCfg = Development|Any CPU
		{79E56AA8-0BB2-3D6D-80C0-DD7BE0E0153C}.Shipping|IOS.Build.0 = Development|Any CPU
		{79E56AA8-0BB2-3D6D-80C0-DD7BE0E0153C}.Shipping|Mac.ActiveCfg = Development|Any CPU
		{79E56AA8-0BB2-3D6D-80C0-DD7BE0E0153C}.Shipping|Mac.Build.0 = Development|Any CPU
		{79E56AA8-0BB2-3D6D-80C0-DD7BE0E0153C}.Shipping|TVOS.ActiveCfg = Development|Any CPU
		{79E56AA8-0BB2-3D6D-80C0-DD7BE0E0153C}.Shipping|TVOS.Build.0 = Development|Any CPU
		{4EBAEBA6-87A6-36B5-BED5-3FB6C11D498E}.DebugGame|IOS.ActiveCfg = Development|Any CPU
		{4EBAEBA6-87A6-36B5-BED5-3FB6C11D498E}.DebugGame|IOS.Build.0 = Development|Any CPU
		{4EBAEBA6-87A6-36B5-BED5-3FB6C11D498E}.DebugGame|Mac.ActiveCfg = Development|Any CPU
		{4EBAEBA6-87A6-36B5-BED5-3FB6C11D498E}.DebugGame|Mac.Build.0 = Development|Any CPU
		{4EBAEBA6-87A6-36B5-BED5-3FB6C11D498E}.DebugGame|TVOS.ActiveCfg = Development|Any CPU
		{4EBAEBA6-87A6-36B5-BED5-3FB6C11D498E}.DebugGame|TVOS.Build.0 = Development|Any CPU
		{4EBAEBA6-87A6-36B5-BED5-3FB6C11D498E}.Development|IOS.ActiveCfg = Development|Any CPU
		{4EBAEBA6-87A6-36B5-BED5-3FB6C11D498E}.Development|IOS.Build.0 = Development|Any CPU
		{4EBAEBA6-87A6-36B5-BED5-3FB6C11D498E}.Development|Mac.ActiveCfg = Development|Any CPU
		{4EBAEBA6-87A6-36B5-BED5-3FB6C11D498E}.Development|Mac.Build.0 = Development|Any CPU
		{4EBAEBA6-87A6-36B5-BED5-3FB6C11D498E}.Development|TVOS.ActiveCfg = Development|Any CPU
		{4EBAEBA6-87A6-36B5-BED5-3FB6C11D498E}.Development|TVOS.Build.0 = Development|Any CPU
		{4EBAEBA6-87A6-36B5-BED5-3FB6C11D498E}.Shipping|IOS.ActiveCfg = Development|Any CPU
		{4EBAEBA6-87A6-36B5-BED5-3FB6C11D498E}.Shipping|IOS.Build.0 = Development|Any CPU
		{4EBAEBA6-87A6-36B5-BED5-3FB6C11D498E}.Shipping|Mac.ActiveCfg = Development|Any CPU
		{4EBAEBA6-87A6-36B5-BED5-3FB6C11D498E}.Shipping|Mac.Build.0 = Development|Any CPU
		{4EBAEBA6-87A6-36B5-BED5-3FB6C11D498E}.Shipping|TVOS.ActiveCfg = Development|Any CPU
		{4EBAEBA6-87A6-36B5-BED5-3FB6C11D498E}.Shipping|TVOS.Build.0 = Development|Any CPU
		{F9B48319-FB04-34AC-B401-FC102F504F53}.DebugGame|IOS.ActiveCfg = Development|Any CPU
		{F9B48319-FB04-34AC-B401-FC102F504F53}.DebugGame|IOS.Build.0 = Development|Any CPU
		{F9B48319-FB04-34AC-B401-FC102F504F53}.DebugGame|Mac.ActiveCfg = Development|Any CPU
		{F9B48319-FB04-34AC-B401-FC102F504F53}.DebugGame|Mac.Build.0 = Development|Any CPU
		{F9B48319-FB04-34AC-B401-FC102F504F53}.DebugGame|TVOS.ActiveCfg = Development|Any CPU
		{F9B48319-FB04-34AC-B401-FC102F504F53}.DebugGame|TVOS.Build.0 = Development|Any CPU
		{F9B48319-FB04-34AC-B401-FC102F504F53}.Development|IOS.ActiveCfg = Development|Any CPU
		{F9B48319-FB04-34AC-B401-FC102F504F53}.Development|IOS.Build.0 = Development|Any CPU
		{F9B48319-FB04-34AC-B401-FC102F504F53}.Development|Mac.ActiveCfg = Development|Any CPU
		{F9B48319-FB04-34AC-B401-FC102F504F53}.Development|Mac.Build.0 = Development|Any CPU
		{F9B48319-FB04-34AC-B401-FC102F504F53}.Development|TVOS.ActiveCfg = Development|Any CPU
		{F9B48319-FB04-34AC-B401-FC102F504F53}.Development|TVOS.Build.0 = Development|Any CPU
		{F9B48319-FB04-34AC-B401-FC102F504F53}.Shipping|IOS.ActiveCfg = Development|Any CPU
		{F9B48319-FB04-34AC-B401-FC102F504F53}.Shipping|IOS.Build.0 = Development|Any CPU
		{F9B48319-FB04-34AC-B401-FC102F504F53}.Shipping|Mac.ActiveCfg = Development|Any CPU
		{F9B48319-FB04-34AC-B401-FC102F504F53}.Shipping|Mac.Build.0 = Development|Any CPU
		{F9B48319-FB04-34AC-B401-FC102F504F53}.Shipping|TVOS.ActiveCfg = Development|Any CPU
		{F9B48319-FB04-34AC-B401-FC102F504F53}.Shipping|TVOS.Build.0 = Development|Any CPU
		{5D77DF92-F44E-380A-80B6-11985AA5E121}.DebugGame|IOS.ActiveCfg = Development|Any CPU
		{5D77DF92-F44E-380A-80B6-11985AA5E121}.DebugGame|IOS.Build.0 = Development|Any CPU
		{5D77DF92-F44E-380A-80B6-11985AA5E121}.DebugGame|Mac.ActiveCfg = Development|Any CPU
		{5D77DF92-F44E-380A-80B6-11985AA5E121}.DebugGame|Mac.Build.0 = Development|Any CPU
		{5D77DF92-F44E-380A-80B6-11985AA5E121}.DebugGame|TVOS.ActiveCfg = Development|Any CPU
		{5D77DF92-F44E-380A-80B6-11985AA5E121}.DebugGame|TVOS.Build.0 = Development|Any CPU
		{5D77DF92-F44E-380A-80B6-11985AA5E121}.Development|IOS.ActiveCfg = Development|Any CPU
		{5D77DF92-F44E-380A-80B6-11985AA5E121}.Development|IOS.Build.0 = Development|Any CPU
		{5D77DF92-F44E-380A-80B6-11985AA5E121}.Development|Mac.ActiveCfg = Development|Any CPU
		{5D77DF92-F44E-380A-80B6-11985AA5E121}.Development|Mac.Build.0 = Development|Any CPU
		{5D77DF92-F44E-380A-80B6-11985AA5E121}.Development|TVOS.ActiveCfg = Development|Any CPU
		{5D77DF92-F44E-380A-80B6-11985AA5E121}.Development|TVOS.Build.0 = Development|Any CPU
		{5D77DF92-F44E-380A-80B6-11985AA5E121}.Shipping|IOS.ActiveCfg = Development|Any CPU
		{5D77DF92-F44E-380A-80B6-11985AA5E121}.Shipping|IOS.Build.0 = Development|Any CPU
		{5D77DF92-F44E-380A-80B6-11985AA5E121}.Shipping|Mac.ActiveCfg = Development|Any CPU
		{5D77DF92-F44E-380A-80B6-11985AA5E121}.Shipping|Mac.Build.0 = Development|Any CPU
		{5D77DF92-F44E-380A-80B6-11985AA5E121}.Shipping|TVOS.ActiveCfg = Development|Any CPU
		{5D77DF92-F44E-380A-80B6-11985AA5E121}.Shipping|TVOS.Build.0 = Development|Any CPU
		{A11E2546-0220-3815-A3AB-0D9FBF2B0C79}.DebugGame|IOS.ActiveCfg = Development|Any CPU
		{A11E2546-0220-3815-A3AB-0D9FBF2B0C79}.DebugGame|IOS.Build.0 = Development|Any CPU
		{A11E2546-0220-3815-A3AB-0D9FBF2B0C79}.DebugGame|Mac.ActiveCfg = Development|Any CPU
		{A11E2546-0220-3815-A3AB-0D9FBF2B0C79}.DebugGame|Mac.Build.0 = Development|Any CPU
		{A11E2546-0220-3815-A3AB-0D9FBF2B0C79}.DebugGame|TVOS.ActiveCfg = Development|Any CPU
		{A11E2546-0220-3815-A3AB-0D9FBF2B0C79}.DebugGame|TVOS.Build.0 = Development|Any CPU
		{A11E2546-0220-3815-A3AB-0D9FBF2B0C79}.Development|IOS.ActiveCfg = Development|Any CPU
		{A11E2546-0220-3815-A3AB-0D9FBF2B0C79}.Development|IOS.Build.0 = Development|Any CPU
		{A11E2546-0220-3815-A3AB-0D9FBF2B0C79}.Development|Mac.ActiveCfg = Development|Any CPU
		{A11E2546-0220-3815-A3AB-0D9FBF2B0C79}.Development|Mac.Build.0 = Development|Any CPU
		{A11E2546-0220-3815-A3AB-0D9FBF2B0C79}.Development|TVOS.ActiveCfg = Development|Any CPU
		{A11E2546-0220-3815-A3AB-0D9FBF2B0C79}.Development|TVOS.Build.0 = Development|Any CPU
		{A11E2546-0220-3815-A3AB-0D9FBF2B0C79}.Shipping|IOS.ActiveCfg = Development|Any CPU
		{A11E2546-0220-3815-A3AB-0D9FBF2B0C79}.Shipping|IOS.Build.0 = Development|Any CPU
		{A11E2546-0220-3815-A3AB-0D9FBF2B0C79}.Shipping|Mac.ActiveCfg = Development|Any CPU
		{A11E2546-0220-3815-A3AB-0D9FBF2B0C79}.Shipping|Mac.Build.0 = Development|Any CPU
		{A11E2546-0220-3815-A3AB-0D9FBF2B0C79}.Shipping|TVOS.ActiveCfg = Development|Any CPU
		{A11E2546-0220-3815-A3AB-0D9FBF2B0C79}.Shipping|TVOS.Build.0 = Development|Any CPU
		{D1D81BD5-D8A8-3F1A-96FF-6F90B72A1B91}.DebugGame|IOS.ActiveCfg = Development|Any CPU
		{D1D81BD5-D8A8-3F1A-96FF-6F90B72A1B91}.DebugGame|IOS.Build.0 = Development|Any CPU
		{D1D81BD5-D8A8-3F1A-96FF-6F90B72A1B91}.DebugGame|Mac.ActiveCfg = Development|Any CPU
		{D1D81BD5-D8A8-3F1A-96FF-6F90B72A1B91}.DebugGame|Mac.Build.0 = Development|Any CPU
		{D1D81BD5-D8A8-3F1A-96FF-6F90B72A1B91}.DebugGame|TVOS.ActiveCfg = Development|Any CPU
		{D1D81BD5-D8A8-3F1A-96FF-6F90B72A1B91}.DebugGame|TVOS.Build.0 = Development|Any CPU
		{D1D81BD5-D8A8-3F1A-96FF-6F90B72A1B91}.Development|IOS.ActiveCfg = Development|Any CPU
		{D1D81BD5-D8A8-3F1A-96FF-6F90B72A1B91}.Development|IOS.Build.0 = Development|Any CPU
		{D1D81BD5-D8A8-3F1A-96FF-6F90B72A1B91}.Development|Mac.ActiveCfg = Development|Any CPU
		{D1D81BD5-D8A8-3F1A-96FF-6F90B72A1B91}.Development|Mac.Build.0 = Development|Any CPU
		{D1D81BD5-D8A8-3F1A-96FF-6F90B72A1B91}.Development|TVOS.ActiveCfg = Development|Any CPU
		{D1D81BD5-D8A8-3F1A-96FF-6F90B72A1B91}.Development|TVOS.Build.0 = Development|Any CPU
		{D1D81BD5-D8A8-3F1A-96FF-6F90B72A1B91}.Shipping|IOS.ActiveCfg = Development|Any CPU
		{D1D81BD5-D8A8-3F1A-96FF-6F90B72A1B91}.Shipping|IOS.Build.0 = Development|Any CPU
		{D1D81BD5-D8A8-3F1A-96FF-6F90B72A1B91}.Shipping|Mac.ActiveCfg = Development|Any CPU
		{D1D81BD5-D8A8-3F1A-96FF-6F90B72A1B91}.Shipping|Mac.Build.0 = Development|Any CPU
		{D1D81BD5-D8A8-3F1A-96FF-6F90B72A1B91}.Shipping|TVOS.ActiveCfg = Development|Any CPU
		{D1D81BD5-D8A8-3F1A-96FF-6F90B72A1B91}.Shipping|TVOS.Build.0 = Development|Any CPU
		{778D792B-89B0-399A-865C-892BAD6D5CC0}.DebugGame|IOS.ActiveCfg = Development|Any CPU
		{778D792B-89B0-399A-865C-892BAD6D5CC0}.DebugGame|IOS.Build.0 = Development|Any CPU
		{778D792B-89B0-399A-865C-892BAD6D5CC0}.DebugGame|Mac.ActiveCfg = Development|Any CPU
		{778D792B-89B0-399A-865C-892BAD6D5CC0}.DebugGame|Mac.Build.0 = Development|Any CPU
		{778D792B-89B0-399A-865C-892BAD6D5CC0}.DebugGame|TVOS.ActiveCfg = Development|Any CPU
		{778D792B-89B0-399A-865C-892BAD6D5CC0}.DebugGame|TVOS.Build.0 = Development|Any CPU
		{778D792B-89B0-399A-865C-892BAD6D5CC0}.Development|IOS.ActiveCfg = Development|Any CPU
		{778D792B-89B0-399A-865C-892BAD6D5CC0}.Development|IOS.Build.0 = Development|Any CPU
		{778D792B-89B0-399A-865C-892BAD6D5CC0}.Development|Mac.ActiveCfg = Development|Any CPU
		{778D792B-89B0-399A-865C-892BAD6D5CC0}.Development|Mac.Build.0 = Development|Any CPU
		{778D792B-89B0-399A-865C-892BAD6D5CC0}.Development|TVOS.ActiveCfg = Development|Any CPU
		{778D792B-89B0-399A-865C-892BAD6D5CC0}.Development|TVOS.Build.0 = Development|Any CPU
		{778D792B-89B0-399A-865C-892BAD6D5CC0}.Shipping|IOS.ActiveCfg = Development|Any CPU
		{778D792B-89B0-399A-865C-892BAD6D5CC0}.Shipping|IOS.Build.0 = Development|Any CPU
		{778D792B-89B0-399A-865C-892BAD6D5CC0}.Shipping|Mac.ActiveCfg = Development|Any CPU
		{778D792B-89B0-399A-865C-892BAD6D5CC0}.Shipping|Mac.Build.0 = Development|Any CPU
		{778D792B-89B0-399A-865C-892BAD6D5CC0}.Shipping|TVOS.ActiveCfg = Development|Any CPU
		{778D792B-89B0-399A-865C-892BAD6D5CC0}.Shipping|TVOS.Build.0 = Development|Any CPU
		{7738BFCB-8FD6-394B-942A-1C569F235244}.DebugGame|IOS.ActiveCfg = Development|Any CPU
		{7738BFCB-8FD6-394B-942A-1C569F235244}.DebugGame|IOS.Build.0 = Development|Any CPU
		{7738BFCB-8FD6-394B-942A-1C569F235244}.DebugGame|Mac.ActiveCfg = Development|Any CPU
		{7738BFCB-8FD6-394B-942A-1C569F235244}.DebugGame|Mac.Build.0 = Development|Any CPU
		{7738BFCB-8FD6-394B-942A-1C569F235244}.DebugGame|TVOS.ActiveCfg = Development|Any CPU
		{7738BFCB-8FD6-394B-942A-1C569F235244}.DebugGame|TVOS.Build.0 = Development|Any CPU
		{7738BFCB-8FD6-394B-942A-1C569F235244}.Development|IOS.ActiveCfg = Development|Any CPU
		{7738BFCB-8FD6-394B-942A-1C569F235244}.Development|IOS.Build.0 = Development|Any CPU
		{7738BFCB-8FD6-394B-942A-1C569F235244}.Development|Mac.ActiveCfg = Development|Any CPU
		{7738BFCB-8FD6-394B-942A-1C569F235244}.Development|Mac.Build.0 = Development|Any CPU
		{7738BFCB-8FD6-394B-942A-1C569F235244}.Development|TVOS.ActiveCfg = Development|Any CPU
		{7738BFCB-8FD6-394B-942A-1C569F235244}.Development|TVOS.Build.0 = Development|Any CPU
		{7738BFCB-8FD6-394B-942A-1C569F235244}.Shipping|IOS.ActiveCfg = Development|Any CPU
		{7738BFCB-8FD6-394B-942A-1C569F235244}.Shipping|IOS.Build.0 = Development|Any CPU
		{7738BFCB-8FD6-394B-942A-1C569F235244}.Shipping|Mac.ActiveCfg = Development|Any CPU
		{7738BFCB-8FD6-394B-942A-1C569F235244}.Shipping|Mac.Build.0 = Development|Any CPU
		{7738BFCB-8FD6-394B-942A-1C569F235244}.Shipping|TVOS.ActiveCfg = Development|Any CPU
		{7738BFCB-8FD6-394B-942A-1C569F235244}.Shipping|TVOS.Build.0 = Development|Any CPU
		{36CD066B-7799-3152-9064-7E81082D1231}.DebugGame|IOS.ActiveCfg = Development|Any CPU
		{36CD066B-7799-3152-9064-7E81082D1231}.DebugGame|IOS.Build.0 = Development|Any CPU
		{36CD066B-7799-3152-9064-7E81082D1231}.DebugGame|Mac.ActiveCfg = Development|Any CPU
		{36CD066B-7799-3152-9064-7E81082D1231}.DebugGame|Mac.Build.0 = Development|Any CPU
		{36CD066B-7799-3152-9064-7E81082D1231}.DebugGame|TVOS.ActiveCfg = Development|Any CPU
		{36CD066B-7799-3152-9064-7E81082D1231}.DebugGame|TVOS.Build.0 = Development|Any CPU
		{36CD066B-7799-3152-9064-7E81082D1231}.Development|IOS.ActiveCfg = Development|Any CPU
		{36CD066B-7799-3152-9064-7E81082D1231}.Development|IOS.Build.0 = Development|Any CPU
		{36CD066B-7799-3152-9064-7E81082D1231}.Development|Mac.ActiveCfg = Development|Any CPU
		{36CD066B-7799-3152-9064-7E81082D1231}.Development|Mac.Build.0 = Development|Any CPU
		{36CD066B-7799-3152-9064-7E81082D1231}.Development|TVOS.ActiveCfg = Development|Any CPU
		{36CD066B-7799-3152-9064-7E81082D1231}.Development|TVOS.Build.0 = Development|Any CPU
		{36CD066B-7799-3152-9064-7E81082D1231}.Shipping|IOS.ActiveCfg = Development|Any CPU
		{36CD066B-7799-3152-9064-7E81082D1231}.Shipping|IOS.Build.0 = Development|Any CPU
		{36CD066B-7799-3152-9064-7E81082D1231}.Shipping|Mac.ActiveCfg = Development|Any CPU
		{36CD066B-7799-3152-9064-7E81082D1231}.Shipping|Mac.Build.0 = Development|Any CPU
		{36CD066B-7799-3152-9064-7E81082D1231}.Shipping|TVOS.ActiveCfg = Development|Any CPU
		{36CD066B-7799-3152-9064-7E81082D1231}.Shipping|TVOS.Build.0 = Development|Any CPU
		{D0F7BF48-A0B8-37C4-983C-9D497CFE1DE9}.DebugGame|IOS.ActiveCfg = Development|Any CPU
		{D0F7BF48-A0B8-37C4-983C-9D497CFE1DE9}.DebugGame|IOS.Build.0 = Development|Any CPU
		{D0F7BF48-A0B8-37C4-983C-9D497CFE1DE9}.DebugGame|Mac.ActiveCfg = Development|Any CPU
		{D0F7BF48-A0B8-37C4-983C-9D497CFE1DE9}.DebugGame|Mac.Build.0 = Development|Any CPU
		{D0F7BF48-A0B8-37C4-983C-9D497CFE1DE9}.DebugGame|TVOS.ActiveCfg = Development|Any CPU
		{D0F7BF48-A0B8-37C4-983C-9D497CFE1DE9}.DebugGame|TVOS.Build.0 = Development|Any CPU
		{D0F7BF48-A0B8-37C4-983C-9D497CFE1DE9}.Development|IOS.ActiveCfg = Development|Any CPU
		{D0F7BF48-A0B8-37C4-983C-9D497CFE1DE9}.Development|IOS.Build.0 = Development|Any CPU
		{D0F7BF48-A0B8-37C4-983C-9D497CFE1DE9}.Development|Mac.ActiveCfg = Development|Any CPU
		{D0F7BF48-A0B8-37C4-983C-9D497CFE1DE9}.Development|Mac.Build.0 = Development|Any CPU
		{D0F7BF48-A0B8-37C4-983C-9D497CFE1DE9}.Development|TVOS.ActiveCfg = Development|Any CPU
		{D0F7BF48-A0B8-37C4-983C-9D497CFE1DE9}.Development|TVOS.Build.0 = Development|Any CPU
		{D0F7BF48-A0B8-37C4-983C-9D497CFE1DE9}.Shipping|IOS.ActiveCfg = Development|Any CPU
		{D0F7BF48-A0B8-37C4-983C-9D497CFE1DE9}.Shipping|IOS.Build.0 = Development|Any CPU
		{D0F7BF48-A0B8-37C4-983C-9D497CFE1DE9}.Shipping|Mac.ActiveCfg = Development|Any CPU
		{D0F7BF48-A0B8-37C4-983C-9D497CFE1DE9}.Shipping|Mac.Build.0 = Development|Any CPU
		{D0F7BF48-A0B8-37C4-983C-9D497CFE1DE9}.Shipping|TVOS.ActiveCfg = Development|Any CPU
		{D0F7BF48-A0B8-37C4-983C-9D497CFE1DE9}.Shipping|TVOS.Build.0 = Development|Any CPU
		{2A1FEF98-5A4E-3012-A2C2-56338E249140}.DebugGame|IOS.ActiveCfg = Development|Any CPU
		{2A1FEF98-5A4E-3012-A2C2-56338E249140}.DebugGame|IOS.Build.0 = Development|Any CPU
		{2A1FEF98-5A4E-3012-A2C2-56338E249140}.DebugGame|Mac.ActiveCfg = Development|Any CPU
		{2A1FEF98-5A4E-3012-A2C2-56338E249140}.DebugGame|Mac.Build.0 = Development|Any CPU
		{2A1FEF98-5A4E-3012-A2C2-56338E249140}.DebugGame|TVOS.ActiveCfg = Development|Any CPU
		{2A1FEF98-5A4E-3012-A2C2-56338E249140}.DebugGame|TVOS.Build.0 = Development|Any CPU
		{2A1FEF98-5A4E-3012-A2C2-56338E249140}.Development|IOS.ActiveCfg = Development|Any CPU
		{2A1FEF98-5A4E-3012-A2C2-56338E249140}.Development|IOS.Build.0 = Development|Any CPU
		{2A1FEF98-5A4E-3012-A2C2-56338E249140}.Development|Mac.ActiveCfg = Development|Any CPU
		{2A1FEF98-5A4E-3012-A2C2-56338E249140}.Development|Mac.Build.0 = Development|Any CPU
		{2A1FEF98-5A4E-3012-A2C2-56338E249140}.Development|TVOS.ActiveCfg = Development|Any CPU
		{2A1FEF98-5A4E-3012-A2C2-56338E249140}.Development|TVOS.Build.0 = Development|Any CPU
		{2A1FEF98-5A4E-3012-A2C2-56338E249140}.Shipping|IOS.ActiveCfg = Development|Any CPU
		{2A1FEF98-5A4E-3012-A2C2-56338E249140}.Shipping|IOS.Build.0 = Development|Any CPU
		{2A1FEF98-5A4E-3012-A2C2-56338E249140}.Shipping|Mac.ActiveCfg = Development|Any CPU
		{2A1FEF98-5A4E-3012-A2C2-56338E249140}.Shipping|Mac.Build.0 = Development|Any CPU
		{2A1FEF98-5A4E-3012-A2C2-56338E249140}.Shipping|TVOS.ActiveCfg = Development|Any CPU
		{2A1FEF98-5A4E-3012-A2C2-56338E249140}.Shipping|TVOS.Build.0 = Development|Any CPU
		{AD038EEE-97B2-3037-95D0-E5DA54C07AD4}.DebugGame|IOS.ActiveCfg = Development|Any CPU
		{AD038EEE-97B2-3037-95D0-E5DA54C07AD4}.DebugGame|IOS.Build.0 = Development|Any CPU
		{AD038EEE-97B2-3037-95D0-E5DA54C07AD4}.DebugGame|Mac.ActiveCfg = Development|Any CPU
		{AD038EEE-97B2-3037-95D0-E5DA54C07AD4}.DebugGame|Mac.Build.0 = Development|Any CPU
		{AD038EEE-97B2-3037-95D0-E5DA54C07AD4}.DebugGame|TVOS.ActiveCfg = Development|Any CPU
		{AD038EEE-97B2-3037-95D0-E5DA54C07AD4}.DebugGame|TVOS.Build.0 = Development|Any CPU
		{AD038EEE-97B2-3037-95D0-E5DA54C07AD4}.Development|IOS.ActiveCfg = Development|Any CPU
		{AD038EEE-97B2-3037-95D0-E5DA54C07AD4}.Development|IOS.Build.0 = Development|Any CPU
		{AD038EEE-97B2-3037-95D0-E5DA54C07AD4}.Development|Mac.ActiveCfg = Development|Any CPU
		{AD038EEE-97B2-3037-95D0-E5DA54C07AD4}.Development|Mac.Build.0 = Development|Any CPU
		{AD038EEE-97B2-3037-95D0-E5DA54C07AD4}.Development|TVOS.ActiveCfg = Development|Any CPU
		{AD038EEE-97B2-3037-95D0-E5DA54C07AD4}.Development|TVOS.Build.0 = Development|Any CPU
		{AD038EEE-97B2-3037-95D0-E5DA54C07AD4}.Shipping|IOS.ActiveCfg = Development|Any CPU
		{AD038EEE-97B2-3037-95D0-E5DA54C07AD4}.Shipping|IOS.Build.0 = Development|Any CPU
		{AD038EEE-97B2-3037-95D0-E5DA54C07AD4}.Shipping|Mac.ActiveCfg = Development|Any CPU
		{AD038EEE-97B2-3037-95D0-E5DA54C07AD4}.Shipping|Mac.Build.0 = Development|Any CPU
		{AD038EEE-97B2-3037-95D0-E5DA54C07AD4}.Shipping|TVOS.ActiveCfg = Development|Any CPU
		{AD038EEE-97B2-3037-95D0-E5DA54C07AD4}.Shipping|TVOS.Build.0 = Development|Any CPU
		{1E93B070-081F-3075-BE21-738D479E3CE4}.DebugGame|IOS.ActiveCfg = Development|Any CPU
		{1E93B070-081F-3075-BE21-738D479E3CE4}.DebugGame|IOS.Build.0 = Development|Any CPU
		{1E93B070-081F-3075-BE21-738D479E3CE4}.DebugGame|Mac.ActiveCfg = Development|Any CPU
		{1E93B070-081F-3075-BE21-738D479E3CE4}.DebugGame|Mac.Build.0 = Development|Any CPU
		{1E93B070-081F-3075-BE21-738D479E3CE4}.DebugGame|TVOS.ActiveCfg = Development|Any CPU
		{1E93B070-081F-3075-BE21-738D479E3CE4}.DebugGame|TVOS.Build.0 = Development|Any CPU
		{1E93B070-081F-3075-BE21-738D479E3CE4}.Development|IOS.ActiveCfg = Development|Any CPU
		{1E93B070-081F-3075-BE21-738D479E3CE4}.Development|IOS.Build.0 = Development|Any CPU
		{1E93B070-081F-3075-BE21-738D479E3CE4}.Development|Mac.ActiveCfg = Development|Any CPU
		{1E93B070-081F-3075-BE21-738D479E3CE4}.Development|Mac.Build.0 = Development|Any CPU
		{1E93B070-081F-3075-BE21-738D479E3CE4}.Development|TVOS.ActiveCfg = Development|Any CPU
		{1E93B070-081F-3075-BE21-738D479E3CE4}.Development|TVOS.Build.0 = Development|Any CPU
		{1E93B070-081F-3075-BE21-738D479E3CE4}.Shipping|IOS.ActiveCfg = Development|Any CPU
		{1E93B070-081F-3075-BE21-738D479E3CE4}.Shipping|IOS.Build.0 = Development|Any CPU
		{1E93B070-081F-3075-BE21-738D479E3CE4}.Shipping|Mac.ActiveCfg = Development|Any CPU
		{1E93B070-081F-3075-BE21-738D479E3CE4}.Shipping|Mac.Build.0 = Development|Any CPU
		{1E93B070-081F-3075-BE21-738D479E3CE4}.Shipping|TVOS.ActiveCfg = Development|Any CPU
		{1E93B070-081F-3075-BE21-738D479E3CE4}.Shipping|TVOS.Build.0 = Development|Any CPU
		{766B47EA-8309-3D89-936A-BF8E6245716A}.DebugGame|IOS.ActiveCfg = Development|Any CPU
		{766B47EA-8309-3D89-936A-BF8E6245716A}.DebugGame|IOS.Build.0 = Development|Any CPU
		{766B47EA-8309-3D89-936A-BF8E6245716A}.DebugGame|Mac.ActiveCfg = Development|Any CPU
		{766B47EA-8309-3D89-936A-BF8E6245716A}.DebugGame|Mac.Build.0 = Development|Any CPU
		{766B47EA-8309-3D89-936A-BF8E6245716A}.DebugGame|TVOS.ActiveCfg = Development|Any CPU
		{766B47EA-8309-3D89-936A-BF8E6245716A}.DebugGame|TVOS.Build.0 = Development|Any CPU
		{766B47EA-8309-3D89-936A-BF8E6245716A}.Development|IOS.ActiveCfg = Development|Any CPU
		{766B47EA-8309-3D89-936A-BF8E6245716A}.Development|IOS.Build.0 = Development|Any CPU
		{766B47EA-8309-3D89-936A-BF8E6245716A}.Development|Mac.ActiveCfg = Development|Any CPU
		{766B47EA-8309-3D89-936A-BF8E6245716A}.Development|Mac.Build.0 = Development|Any CPU
		{766B47EA-8309-3D89-936A-BF8E6245716A}.Development|TVOS.ActiveCfg = Development|Any CPU
		{766B47EA-8309-3D89-936A-BF8E6245716A}.Development|TVOS.Build.0 = Development|Any CPU
		{766B47EA-8309-3D89-936A-BF8E6245716A}.Shipping|IOS.ActiveCfg = Development|Any CPU
		{766B47EA-8309-3D89-936A-BF8E6245716A}.Shipping|IOS.Build.0 = Development|Any CPU
		{766B47EA-8309-3D89-936A-BF8E6245716A}.Shipping|Mac.ActiveCfg = Development|Any CPU
		{766B47EA-8309-3D89-936A-BF8E6245716A}.Shipping|Mac.Build.0 = Development|Any CPU
		{766B47EA-8309-3D89-936A-BF8E6245716A}.Shipping|TVOS.ActiveCfg = Development|Any CPU
		{766B47EA-8309-3D89-936A-BF8E6245716A}.Shipping|TVOS.Build.0 = Development|Any CPU
		{55AE3B19-F452-3364-A238-62E41DFD717B}.DebugGame|IOS.ActiveCfg = Development|Any CPU
		{55AE3B19-F452-3364-A238-62E41DFD717B}.DebugGame|IOS.Build.0 = Development|Any CPU
		{55AE3B19-F452-3364-A238-62E41DFD717B}.DebugGame|Mac.ActiveCfg = Development|Any CPU
		{55AE3B19-F452-3364-A238-62E41DFD717B}.DebugGame|Mac.Build.0 = Development|Any CPU
		{55AE3B19-F452-3364-A238-62E41DFD717B}.DebugGame|TVOS.ActiveCfg = Development|Any CPU
		{55AE3B19-F452-3364-A238-62E41DFD717B}.DebugGame|TVOS.Build.0 = Development|Any CPU
		{55AE3B19-F452-3364-A238-62E41DFD717B}.Development|IOS.ActiveCfg = Development|Any CPU
		{55AE3B19-F452-3364-A238-62E41DFD717B}.Development|IOS.Build.0 = Development|Any CPU
		{55AE3B19-F452-3364-A238-62E41DFD717B}.Development|Mac.ActiveCfg = Development|Any CPU
		{55AE3B19-F452-3364-A238-62E41DFD717B}.Development|Mac.Build.0 = Development|Any CPU
		{55AE3B19-F452-3364-A238-62E41DFD717B}.Development|TVOS.ActiveCfg = Development|Any CPU
		{55AE3B19-F452-3364-A238-62E41DFD717B}.Development|TVOS.Build.0 = Development|Any CPU
		{55AE3B19-F452-3364-A238-62E41DFD717B}.Shipping|IOS.ActiveCfg = Development|Any CPU
		{55AE3B19-F452-3364-A238-62E41DFD717B}.Shipping|IOS.Build.0 = Development|Any CPU
		{55AE3B19-F452-3364-A238-62E41DFD717B}.Shipping|Mac.ActiveCfg = Development|Any CPU
		{55AE3B19-F452-3364-A238-62E41DFD717B}.Shipping|Mac.Build.0 = Development|Any CPU
		{55AE3B19-F452-3364-A238-62E41DFD717B}.Shipping|TVOS.ActiveCfg = Development|Any CPU
		{55AE3B19-F452-3364-A238-62E41DFD717B}.Shipping|TVOS.Build.0 = Development|Any CPU
		{C1FDCADD-FBBC-3649-990C-D0E5EFC66B15}.DebugGame|IOS.ActiveCfg = Development|Any CPU
		{C1FDCADD-FBBC-3649-990C-D0E5EFC66B15}.DebugGame|IOS.Build.0 = Development|Any CPU
		{C1FDCADD-FBBC-3649-990C-D0E5EFC66B15}.DebugGame|Mac.ActiveCfg = Development|Any CPU
		{C1FDCADD-FBBC-3649-990C-D0E5EFC66B15}.DebugGame|Mac.Build.0 = Development|Any CPU
		{C1FDCADD-FBBC-3649-990C-D0E5EFC66B15}.DebugGame|TVOS.ActiveCfg = Development|Any CPU
		{C1FDCADD-FBBC-3649-990C-D0E5EFC66B15}.DebugGame|TVOS.Build.0 = Development|Any CPU
		{C1FDCADD-FBBC-3649-990C-D0E5EFC66B15}.Development|IOS.ActiveCfg = Development|Any CPU
		{C1FDCADD-FBBC-3649-990C-D0E5EFC66B15}.Development|IOS.Build.0 = Development|Any CPU
		{C1FDCADD-FBBC-3649-990C-D0E5EFC66B15}.Development|Mac.ActiveCfg = Development|Any CPU
		{C1FDCADD-FBBC-3649-990C-D0E5EFC66B15}.Development|Mac.Build.0 = Development|Any CPU
		{C1FDCADD-FBBC-3649-990C-D0E5EFC66B15}.Development|TVOS.ActiveCfg = Development|Any CPU
		{C1FDCADD-FBBC-3649-990C-D0E5EFC66B15}.Development|TVOS.Build.0 = Development|Any CPU
		{C1FDCADD-FBBC-3649-990C-D0E5EFC66B15}.Shipping|IOS.ActiveCfg = Development|Any CPU
		{C1FDCADD-FBBC-3649-990C-D0E5EFC66B15}.Shipping|IOS.Build.0 = Development|Any CPU
		{C1FDCADD-FBBC-3649-990C-D0E5EFC66B15}.Shipping|Mac.ActiveCfg = Development|Any CPU
		{C1FDCADD-FBBC-3649-990C-D0E5EFC66B15}.Shipping|Mac.Build.0 = Development|Any CPU
		{C1FDCADD-FBBC-3649-990C-D0E5EFC66B15}.Shipping|TVOS.ActiveCfg = Development|Any CPU
		{C1FDCADD-FBBC-3649-990C-D0E5EFC66B15}.Shipping|TVOS.Build.0 = Development|Any CPU
		{72EB6E27-D49E-36B8-ABF7-16F025C080C7}.DebugGame|IOS.ActiveCfg = Development|Any CPU
		{72EB6E27-D49E-36B8-ABF7-16F025C080C7}.DebugGame|IOS.Build.0 = Development|Any CPU
		{72EB6E27-D49E-36B8-ABF7-16F025C080C7}.DebugGame|Mac.ActiveCfg = Development|Any CPU
		{72EB6E27-D49E-36B8-ABF7-16F025C080C7}.DebugGame|Mac.Build.0 = Development|Any CPU
		{72EB6E27-D49E-36B8-ABF7-16F025C080C7}.DebugGame|TVOS.ActiveCfg = Development|Any CPU
		{72EB6E27-D49E-36B8-ABF7-16F025C080C7}.DebugGame|TVOS.Build.0 = Development|Any CPU
		{72EB6E27-D49E-36B8-ABF7-16F025C080C7}.Development|IOS.ActiveCfg = Development|Any CPU
		{72EB6E27-D49E-36B8-ABF7-16F025C080C7}.Development|IOS.Build.0 = Development|Any CPU
		{72EB6E27-D49E-36B8-ABF7-16F025C080C7}.Development|Mac.ActiveCfg = Development|Any CPU
		{72EB6E27-D49E-36B8-ABF7-16F025C080C7}.Development|Mac.Build.0 = Development|Any CPU
		{72EB6E27-D49E-36B8-ABF7-16F025C080C7}.Development|TVOS.ActiveCfg = Development|Any CPU
		{72EB6E27-D49E-36B8-ABF7-16F025C080C7}.Development|TVOS.Build.0 = Development|Any CPU
		{72EB6E27-D49E-36B8-ABF7-16F025C080C7}.Shipping|IOS.ActiveCfg = Development|Any CPU
		{72EB6E27-D49E-36B8-ABF7-16F025C080C7}.Shipping|IOS.Build.0 = Development|Any CPU
		{72EB6E27-D49E-36B8-ABF7-16F025C080C7}.Shipping|Mac.ActiveCfg = Development|Any CPU
		{72EB6E27-D49E-36B8-ABF7-16F025C080C7}.Shipping|Mac.Build.0 = Development|Any CPU
		{72EB6E27-D49E-36B8-ABF7-16F025C080C7}.Shipping|TVOS.ActiveCfg = Development|Any CPU
		{72EB6E27-D49E-36B8-ABF7-16F025C080C7}.Shipping|TVOS.Build.0 = Development|Any CPU
		{DF8E129B-203E-34EA-9592-DC92140653F9}.DebugGame|IOS.ActiveCfg = Development|Any CPU
		{DF8E129B-203E-34EA-9592-DC92140653F9}.DebugGame|IOS.Build.0 = Development|Any CPU
		{DF8E129B-203E-34EA-9592-DC92140653F9}.DebugGame|Mac.ActiveCfg = Development|Any CPU
		{DF8E129B-203E-34EA-9592-DC92140653F9}.DebugGame|Mac.Build.0 = Development|Any CPU
		{DF8E129B-203E-34EA-9592-DC92140653F9}.DebugGame|TVOS.ActiveCfg = Development|Any CPU
		{DF8E129B-203E-34EA-9592-DC92140653F9}.DebugGame|TVOS.Build.0 = Development|Any CPU
		{DF8E129B-203E-34EA-9592-DC92140653F9}.Development|IOS.ActiveCfg = Development|Any CPU
		{DF8E129B-203E-34EA-9592-DC92140653F9}.Development|IOS.Build.0 = Development|Any CPU
		{DF8E129B-203E-34EA-9592-DC92140653F9}.Development|Mac.ActiveCfg = Development|Any CPU
		{DF8E129B-203E-34EA-9592-DC92140653F9}.Development|Mac.Build.0 = Development|Any CPU
		{DF8E129B-203E-34EA-9592-DC92140653F9}.Development|TVOS.ActiveCfg = Development|Any CPU
		{DF8E129B-203E-34EA-9592-DC92140653F9}.Development|TVOS.Build.0 = Development|Any CPU
		{DF8E129B-203E-34EA-9592-DC92140653F9}.Shipping|IOS.ActiveCfg = Development|Any CPU
		{DF8E129B-203E-34EA-9592-DC92140653F9}.Shipping|IOS.Build.0 = Development|Any CPU
		{DF8E129B-203E-34EA-9592-DC92140653F9}.Shipping|Mac.ActiveCfg = Development|Any CPU
		{DF8E129B-203E-34EA-9592-DC92140653F9}.Shipping|Mac.Build.0 = Development|Any CPU
		{DF8E129B-203E-34EA-9592-DC92140653F9}.Shipping|TVOS.ActiveCfg = Development|Any CPU
		{DF8E129B-203E-34EA-9592-DC92140653F9}.Shipping|TVOS.Build.0 = Development|Any CPU
		{05E9C5EF-DE2D-38EF-9700-D05FC4FDF6D6}.DebugGame|IOS.ActiveCfg = Development|Any CPU
		{05E9C5EF-DE2D-38EF-9700-D05FC4FDF6D6}.DebugGame|IOS.Build.0 = Development|Any CPU
		{05E9C5EF-DE2D-38EF-9700-D05FC4FDF6D6}.DebugGame|Mac.ActiveCfg = Development|Any CPU
		{05E9C5EF-DE2D-38EF-9700-D05FC4FDF6D6}.DebugGame|Mac.Build.0 = Development|Any CPU
		{05E9C5EF-DE2D-38EF-9700-D05FC4FDF6D6}.DebugGame|TVOS.ActiveCfg = Development|Any CPU
		{05E9C5EF-DE2D-38EF-9700-D05FC4FDF6D6}.DebugGame|TVOS.Build.0 = Development|Any CPU
		{05E9C5EF-DE2D-38EF-9700-D05FC4FDF6D6}.Development|IOS.ActiveCfg = Development|Any CPU
		{05E9C5EF-DE2D-38EF-9700-D05FC4FDF6D6}.Development|IOS.Build.0 = Development|Any CPU
		{05E9C5EF-DE2D-38EF-9700-D05FC4FDF6D6}.Development|Mac.ActiveCfg = Development|Any CPU
		{05E9C5EF-DE2D-38EF-9700-D05FC4FDF6D6}.Development|Mac.Build.0 = Development|Any CPU
		{05E9C5EF-DE2D-38EF-9700-D05FC4FDF6D6}.Development|TVOS.ActiveCfg = Development|Any CPU
		{05E9C5EF-DE2D-38EF-9700-D05FC4FDF6D6}.Development|TVOS.Build.0 = Development|Any CPU
		{05E9C5EF-DE2D-38EF-9700-D05FC4FDF6D6}.Shipping|IOS.ActiveCfg = Development|Any CPU
		{05E9C5EF-DE2D-38EF-9700-D05FC4FDF6D6}.Shipping|IOS.Build.0 = Development|Any CPU
		{05E9C5EF-DE2D-38EF-9700-D05FC4FDF6D6}.Shipping|Mac.ActiveCfg = Development|Any CPU
		{05E9C5EF-DE2D-38EF-9700-D05FC4FDF6D6}.Shipping|Mac.Build.0 = Development|Any CPU
		{05E9C5EF-DE2D-38EF-9700-D05FC4FDF6D6}.Shipping|TVOS.ActiveCfg = Development|Any CPU
		{05E9C5EF-DE2D-38EF-9700-D05FC4FDF6D6}.Shipping|TVOS.Build.0 = Development|Any CPU
		{2AB1B235-972D-31FB-B8EF-6E5214B63349}.DebugGame|IOS.ActiveCfg = Development|Any CPU
		{2AB1B235-972D-31FB-B8EF-6E5214B63349}.DebugGame|IOS.Build.0 = Development|Any CPU
		{2AB1B235-972D-31FB-B8EF-6E5214B63349}.DebugGame|Mac.ActiveCfg = Development|Any CPU
		{2AB1B235-972D-31FB-B8EF-6E5214B63349}.DebugGame|Mac.Build.0 = Development|Any CPU
		{2AB1B235-972D-31FB-B8EF-6E5214B63349}.DebugGame|TVOS.ActiveCfg = Development|Any CPU
		{2AB1B235-972D-31FB-B8EF-6E5214B63349}.DebugGame|TVOS.Build.0 = Development|Any CPU
		{2AB1B235-972D-31FB-B8EF-6E5214B63349}.Development|IOS.ActiveCfg = Development|Any CPU
		{2AB1B235-972D-31FB-B8EF-6E5214B63349}.Development|IOS.Build.0 = Development|Any CPU
		{2AB1B235-972D-31FB-B8EF-6E5214B63349}.Development|Mac.ActiveCfg = Development|Any CPU
		{2AB1B235-972D-31FB-B8EF-6E5214B63349}.Development|Mac.Build.0 = Development|Any CPU
		{2AB1B235-972D-31FB-B8EF-6E5214B63349}.Development|TVOS.ActiveCfg = Development|Any CPU
		{2AB1B235-972D-31FB-B8EF-6E5214B63349}.Development|TVOS.Build.0 = Development|Any CPU
		{2AB1B235-972D-31FB-B8EF-6E5214B63349}.Shipping|IOS.ActiveCfg = Development|Any CPU
		{2AB1B235-972D-31FB-B8EF-6E5214B63349}.Shipping|IOS.Build.0 = Development|Any CPU
		{2AB1B235-972D-31FB-B8EF-6E5214B63349}.Shipping|Mac.ActiveCfg = Development|Any CPU
		{2AB1B235-972D-31FB-B8EF-6E5214B63349}.Shipping|Mac.Build.0 = Development|Any CPU
		{2AB1B235-972D-31FB-B8EF-6E5214B63349}.Shipping|TVOS.ActiveCfg = Development|Any CPU
		{2AB1B235-972D-31FB-B8EF-6E5214B63349}.Shipping|TVOS.Build.0 = Development|Any CPU
		{8E91983F-9EDF-397A-B9B8-29B8E34067B4}.DebugGame|IOS.ActiveCfg = Development|Any CPU
		{8E91983F-9EDF-397A-B9B8-29B8E34067B4}.DebugGame|IOS.Build.0 = Development|Any CPU
		{8E91983F-9EDF-397A-B9B8-29B8E34067B4}.DebugGame|Mac.ActiveCfg = Development|Any CPU
		{8E91983F-9EDF-397A-B9B8-29B8E34067B4}.DebugGame|Mac.Build.0 = Development|Any CPU
		{8E91983F-9EDF-397A-B9B8-29B8E34067B4}.DebugGame|TVOS.ActiveCfg = Development|Any CPU
		{8E91983F-9EDF-397A-B9B8-29B8E34067B4}.DebugGame|TVOS.Build.0 = Development|Any CPU
		{8E91983F-9EDF-397A-B9B8-29B8E34067B4}.Development|IOS.ActiveCfg = Development|Any CPU
		{8E91983F-9EDF-397A-B9B8-29B8E34067B4}.Development|IOS.Build.0 = Development|Any CPU
		{8E91983F-9EDF-397A-B9B8-29B8E34067B4}.Development|Mac.ActiveCfg = Development|Any CPU
		{8E91983F-9EDF-397A-B9B8-29B8E34067B4}.Development|Mac.Build.0 = Development|Any CPU
		{8E91983F-9EDF-397A-B9B8-29B8E34067B4}.Development|TVOS.ActiveCfg = Development|Any CPU
		{8E91983F-9EDF-397A-B9B8-29B8E34067B4}.Development|TVOS.Build.0 = Development|Any CPU
		{8E91983F-9EDF-397A-B9B8-29B8E34067B4}.Shipping|IOS.ActiveCfg = Development|Any CPU
		{8E91983F-9EDF-397A-B9B8-29B8E34067B4}.Shipping|IOS.Build.0 = Development|Any CPU
		{8E91983F-9EDF-397A-B9B8-29B8E34067B4}.Shipping|Mac.ActiveCfg = Development|Any CPU
		{8E91983F-9EDF-397A-B9B8-29B8E34067B4}.Shipping|Mac.Build.0 = Development|Any CPU
		{8E91983F-9EDF-397A-B9B8-29B8E34067B4}.Shipping|TVOS.ActiveCfg = Development|Any CPU
		{8E91983F-9EDF-397A-B9B8-29B8E34067B4}.Shipping|TVOS.Build.0 = Development|Any CPU
		{769A6E07-3E5A-309F-AC5A-4FFC3776BB96}.DebugGame|IOS.ActiveCfg = Development|Any CPU
		{769A6E07-3E5A-309F-AC5A-4FFC3776BB96}.DebugGame|IOS.Build.0 = Development|Any CPU
		{769A6E07-3E5A-309F-AC5A-4FFC3776BB96}.DebugGame|Mac.ActiveCfg = Development|Any CPU
		{769A6E07-3E5A-309F-AC5A-4FFC3776BB96}.DebugGame|Mac.Build.0 = Development|Any CPU
		{769A6E07-3E5A-309F-AC5A-4FFC3776BB96}.DebugGame|TVOS.ActiveCfg = Development|Any CPU
		{769A6E07-3E5A-309F-AC5A-4FFC3776BB96}.DebugGame|TVOS.Build.0 = Development|Any CPU
		{769A6E07-3E5A-309F-AC5A-4FFC3776BB96}.Development|IOS.ActiveCfg = Development|Any CPU
		{769A6E07-3E5A-309F-AC5A-4FFC3776BB96}.Development|IOS.Build.0 = Development|Any CPU
		{769A6E07-3E5A-309F-AC5A-4FFC3776BB96}.Development|Mac.ActiveCfg = Development|Any CPU
		{769A6E07-3E5A-309F-AC5A-4FFC3776BB96}.Development|Mac.Build.0 = Development|Any CPU
		{769A6E07-3E5A-309F-AC5A-4FFC3776BB96}.Development|TVOS.ActiveCfg = Development|Any CPU
		{769A6E07-3E5A-309F-AC5A-4FFC3776BB96}.Development|TVOS.Build.0 = Development|Any CPU
		{769A6E07-3E5A-309F-AC5A-4FFC3776BB96}.Shipping|IOS.ActiveCfg = Development|Any CPU
		{769A6E07-3E5A-309F-AC5A-4FFC3776BB96}.Shipping|IOS.Build.0 = Development|Any CPU
		{769A6E07-3E5A-309F-AC5A-4FFC3776BB96}.Shipping|Mac.ActiveCfg = Development|Any CPU
		{769A6E07-3E5A-309F-AC5A-4FFC3776BB96}.Shipping|Mac.Build.0 = Development|Any CPU
		{769A6E07-3E5A-309F-AC5A-4FFC3776BB96}.Shipping|TVOS.ActiveCfg = Development|Any CPU
		{769A6E07-3E5A-309F-AC5A-4FFC3776BB96}.Shipping|TVOS.Build.0 = Development|Any CPU
		{60469FEA-0F9D-3E58-9301-3733C4413A65}.DebugGame|IOS.ActiveCfg = Development|Any CPU
		{60469FEA-0F9D-3E58-9301-3733C4413A65}.DebugGame|IOS.Build.0 = Development|Any CPU
		{60469FEA-0F9D-3E58-9301-3733C4413A65}.DebugGame|Mac.ActiveCfg = Development|Any CPU
		{60469FEA-0F9D-3E58-9301-3733C4413A65}.DebugGame|Mac.Build.0 = Development|Any CPU
		{60469FEA-0F9D-3E58-9301-3733C4413A65}.DebugGame|TVOS.ActiveCfg = Development|Any CPU
		{60469FEA-0F9D-3E58-9301-3733C4413A65}.DebugGame|TVOS.Build.0 = Development|Any CPU
		{60469FEA-0F9D-3E58-9301-3733C4413A65}.Development|IOS.ActiveCfg = Development|Any CPU
		{60469FEA-0F9D-3E58-9301-3733C4413A65}.Development|IOS.Build.0 = Development|Any CPU
		{60469FEA-0F9D-3E58-9301-3733C4413A65}.Development|Mac.ActiveCfg = Development|Any CPU
		{60469FEA-0F9D-3E58-9301-3733C4413A65}.Development|Mac.Build.0 = Development|Any CPU
		{60469FEA-0F9D-3E58-9301-3733C4413A65}.Development|TVOS.ActiveCfg = Development|Any CPU
		{60469FEA-0F9D-3E58-9301-3733C4413A65}.Development|TVOS.Build.0 = Development|Any CPU
		{60469FEA-0F9D-3E58-9301-3733C4413A65}.Shipping|IOS.ActiveCfg = Development|Any CPU
		{60469FEA-0F9D-3E58-9301-3733C4413A65}.Shipping|IOS.Build.0 = Development|Any CPU
		{60469FEA-0F9D-3E58-9301-3733C4413A65}.Shipping|Mac.ActiveCfg = Development|Any CPU
		{60469FEA-0F9D-3E58-9301-3733C4413A65}.Shipping|Mac.Build.0 = Development|Any CPU
		{60469FEA-0F9D-3E58-9301-3733C4413A65}.Shipping|TVOS.ActiveCfg = Development|Any CPU
		{60469FEA-0F9D-3E58-9301-3733C4413A65}.Shipping|TVOS.Build.0 = Development|Any CPU
		{F03327D2-FF9B-3DDD-B126-DCA2F77247F1}.DebugGame|IOS.ActiveCfg = Development|Any CPU
		{F03327D2-FF9B-3DDD-B126-DCA2F77247F1}.DebugGame|IOS.Build.0 = Development|Any CPU
		{F03327D2-FF9B-3DDD-B126-DCA2F77247F1}.DebugGame|Mac.ActiveCfg = Development|Any CPU
		{F03327D2-FF9B-3DDD-B126-DCA2F77247F1}.DebugGame|Mac.Build.0 = Development|Any CPU
		{F03327D2-FF9B-3DDD-B126-DCA2F77247F1}.DebugGame|TVOS.ActiveCfg = Development|Any CPU
		{F03327D2-FF9B-3DDD-B126-DCA2F77247F1}.DebugGame|TVOS.Build.0 = Development|Any CPU
		{F03327D2-FF9B-3DDD-B126-DCA2F77247F1}.Development|IOS.ActiveCfg = Development|Any CPU
		{F03327D2-FF9B-3DDD-B126-DCA2F77247F1}.Development|IOS.Build.0 = Development|Any CPU
		{F03327D2-FF9B-3DDD-B126-DCA2F77247F1}.Development|Mac.ActiveCfg = Development|Any CPU
		{F03327D2-FF9B-3DDD-B126-DCA2F77247F1}.Development|Mac.Build.0 = Development|Any CPU
		{F03327D2-FF9B-3DDD-B126-DCA2F77247F1}.Development|TVOS.ActiveCfg = Development|Any CPU
		{F03327D2-FF9B-3DDD-B126-DCA2F77247F1}.Development|TVOS.Build.0 = Development|Any CPU
		{F03327D2-FF9B-3DDD-B126-DCA2F77247F1}.Shipping|IOS.ActiveCfg = Development|Any CPU
		{F03327D2-FF9B-3DDD-B126-DCA2F77247F1}.Shipping|IOS.Build.0 = Development|Any CPU
		{F03327D2-FF9B-3DDD-B126-DCA2F77247F1}.Shipping|Mac.ActiveCfg = Development|Any CPU
		{F03327D2-FF9B-3DDD-B126-DCA2F77247F1}.Shipping|Mac.Build.0 = Development|Any CPU
		{F03327D2-FF9B-3DDD-B126-DCA2F77247F1}.Shipping|TVOS.ActiveCfg = Development|Any CPU
		{F03327D2-FF9B-3DDD-B126-DCA2F77247F1}.Shipping|TVOS.Build.0 = Development|Any CPU
		{D329A36E-B172-37C8-B737-3E005337CC14}.DebugGame|IOS.ActiveCfg = Development|Any CPU
		{D329A36E-B172-37C8-B737-3E005337CC14}.DebugGame|IOS.Build.0 = Development|Any CPU
		{D329A36E-B172-37C8-B737-3E005337CC14}.DebugGame|Mac.ActiveCfg = Development|Any CPU
		{D329A36E-B172-37C8-B737-3E005337CC14}.DebugGame|Mac.Build.0 = Development|Any CPU
		{D329A36E-B172-37C8-B737-3E005337CC14}.DebugGame|TVOS.ActiveCfg = Development|Any CPU
		{D329A36E-B172-37C8-B737-3E005337CC14}.DebugGame|TVOS.Build.0 = Development|Any CPU
		{D329A36E-B172-37C8-B737-3E005337CC14}.Development|IOS.ActiveCfg = Development|Any CPU
		{D329A36E-B172-37C8-B737-3E005337CC14}.Development|IOS.Build.0 = Development|Any CPU
		{D329A36E-B172-37C8-B737-3E005337CC14}.Development|Mac.ActiveCfg = Development|Any CPU
		{D329A36E-B172-37C8-B737-3E005337CC14}.Development|Mac.Build.0 = Development|Any CPU
		{D329A36E-B172-37C8-B737-3E005337CC14}.Development|TVOS.ActiveCfg = Development|Any CPU
		{D329A36E-B172-37C8-B737-3E005337CC14}.Development|TVOS.Build.0 = Development|Any CPU
		{D329A36E-B172-37C8-B737-3E005337CC14}.Shipping|IOS.ActiveCfg = Development|Any CPU
		{D329A36E-B172-37C8-B737-3E005337CC14}.Shipping|IOS.Build.0 = Development|Any CPU
		{D329A36E-B172-37C8-B737-3E005337CC14}.Shipping|Mac.ActiveCfg = Development|Any CPU
		{D329A36E-B172-37C8-B737-3E005337CC14}.Shipping|Mac.Build.0 = Development|Any CPU
		{D329A36E-B172-37C8-B737-3E005337CC14}.Shipping|TVOS.ActiveCfg = Development|Any CPU
		{D329A36E-B172-37C8-B737-3E005337CC14}.Shipping|TVOS.Build.0 = Development|Any CPU
		{BEE4E7BA-C5E4-32B5-847D-81BB48C1FC25}.DebugGame|IOS.ActiveCfg = Development|Any CPU
		{BEE4E7BA-C5E4-32B5-847D-81BB48C1FC25}.DebugGame|IOS.Build.0 = Development|Any CPU
		{BEE4E7BA-C5E4-32B5-847D-81BB48C1FC25}.DebugGame|Mac.ActiveCfg = Development|Any CPU
		{BEE4E7BA-C5E4-32B5-847D-81BB48C1FC25}.DebugGame|Mac.Build.0 = Development|Any CPU
		{BEE4E7BA-C5E4-32B5-847D-81BB48C1FC25}.DebugGame|TVOS.ActiveCfg = Development|Any CPU
		{BEE4E7BA-C5E4-32B5-847D-81BB48C1FC25}.DebugGame|TVOS.Build.0 = Development|Any CPU
		{BEE4E7BA-C5E4-32B5-847D-81BB48C1FC25}.Development|IOS.ActiveCfg = Development|Any CPU
		{BEE4E7BA-C5E4-32B5-847D-81BB48C1FC25}.Development|IOS.Build.0 = Development|Any CPU
		{BEE4E7BA-C5E4-32B5-847D-81BB48C1FC25}.Development|Mac.ActiveCfg = Development|Any CPU
		{BEE4E7BA-C5E4-32B5-847D-81BB48C1FC25}.Development|Mac.Build.0 = Development|Any CPU
		{BEE4E7BA-C5E4-32B5-847D-81BB48C1FC25}.Development|TVOS.ActiveCfg = Development|Any CPU
		{BEE4E7BA-C5E4-32B5-847D-81BB48C1FC25}.Development|TVOS.Build.0 = Development|Any CPU
		{BEE4E7BA-C5E4-32B5-847D-81BB48C1FC25}.Shipping|IOS.ActiveCfg = Development|Any CPU
		{BEE4E7BA-C5E4-32B5-847D-81BB48C1FC25}.Shipping|IOS.Build.0 = Development|Any CPU
		{BEE4E7BA-C5E4-32B5-847D-81BB48C1FC25}.Shipping|Mac.ActiveCfg = Development|Any CPU
		{BEE4E7BA-C5E4-32B5-847D-81BB48C1FC25}.Shipping|Mac.Build.0 = Development|Any CPU
		{BEE4E7BA-C5E4-32B5-847D-81BB48C1FC25}.Shipping|TVOS.ActiveCfg = Development|Any CPU
		{BEE4E7BA-C5E4-32B5-847D-81BB48C1FC25}.Shipping|TVOS.Build.0 = Development|Any CPU
		{F444A6AC-7D88-34FC-8D80-D301364FCD67}.DebugGame|IOS.ActiveCfg = Development|Any CPU
		{F444A6AC-7D88-34FC-8D80-D301364FCD67}.DebugGame|IOS.Build.0 = Development|Any CPU
		{F444A6AC-7D88-34FC-8D80-D301364FCD67}.DebugGame|Mac.ActiveCfg = Development|Any CPU
		{F444A6AC-7D88-34FC-8D80-D301364FCD67}.DebugGame|Mac.Build.0 = Development|Any CPU
		{F444A6AC-7D88-34FC-8D80-D301364FCD67}.DebugGame|TVOS.ActiveCfg = Development|Any CPU
		{F444A6AC-7D88-34FC-8D80-D301364FCD67}.DebugGame|TVOS.Build.0 = Development|Any CPU
		{F444A6AC-7D88-34FC-8D80-D301364FCD67}.Development|IOS.ActiveCfg = Development|Any CPU
		{F444A6AC-7D88-34FC-8D80-D301364FCD67}.Development|IOS.Build.0 = Development|Any CPU
		{F444A6AC-7D88-34FC-8D80-D301364FCD67}.Development|Mac.ActiveCfg = Development|Any CPU
		{F444A6AC-7D88-34FC-8D80-D301364FCD67}.Development|Mac.Build.0 = Development|Any CPU
		{F444A6AC-7D88-34FC-8D80-D301364FCD67}.Development|TVOS.ActiveCfg = Development|Any CPU
		{F444A6AC-7D88-34FC-8D80-D301364FCD67}.Development|TVOS.Build.0 = Development|Any CPU
		{F444A6AC-7D88-34FC-8D80-D301364FCD67}.Shipping|IOS.ActiveCfg = Development|Any CPU
		{F444A6AC-7D88-34FC-8D80-D301364FCD67}.Shipping|IOS.Build.0 = Development|Any CPU
		{F444A6AC-7D88-34FC-8D80-D301364FCD67}.Shipping|Mac.ActiveCfg = Development|Any CPU
		{F444A6AC-7D88-34FC-8D80-D301364FCD67}.Shipping|Mac.Build.0 = Development|Any CPU
		{F444A6AC-7D88-34FC-8D80-D301364FCD67}.Shipping|TVOS.ActiveCfg = Development|Any CPU
		{F444A6AC-7D88-34FC-8D80-D301364FCD67}.Shipping|TVOS.Build.0 = Development|Any CPU
		{24ED8D0F-248F-3E79-9256-5684A8735BAA}.DebugGame|IOS.ActiveCfg = Development|Any CPU
		{24ED8D0F-248F-3E79-9256-5684A8735BAA}.DebugGame|IOS.Build.0 = Development|Any CPU
		{24ED8D0F-248F-3E79-9256-5684A8735BAA}.DebugGame|Mac.ActiveCfg = Development|Any CPU
		{24ED8D0F-248F-3E79-9256-5684A8735BAA}.DebugGame|Mac.Build.0 = Development|Any CPU
		{24ED8D0F-248F-3E79-9256-5684A8735BAA}.DebugGame|TVOS.ActiveCfg = Development|Any CPU
		{24ED8D0F-248F-3E79-9256-5684A8735BAA}.DebugGame|TVOS.Build.0 = Development|Any CPU
		{24ED8D0F-248F-3E79-9256-5684A8735BAA}.Development|IOS.ActiveCfg = Development|Any CPU
		{24ED8D0F-248F-3E79-9256-5684A8735BAA}.Development|IOS.Build.0 = Development|Any CPU
		{24ED8D0F-248F-3E79-9256-5684A8735BAA}.Development|Mac.ActiveCfg = Development|Any CPU
		{24ED8D0F-248F-3E79-9256-5684A8735BAA}.Development|Mac.Build.0 = Development|Any CPU
		{24ED8D0F-248F-3E79-9256-5684A8735BAA}.Development|TVOS.ActiveCfg = Development|Any CPU
		{24ED8D0F-248F-3E79-9256-5684A8735BAA}.Development|TVOS.Build.0 = Development|Any CPU
		{24ED8D0F-248F-3E79-9256-5684A8735BAA}.Shipping|IOS.ActiveCfg = Development|Any CPU
		{24ED8D0F-248F-3E79-9256-5684A8735BAA}.Shipping|IOS.Build.0 = Development|Any CPU
		{24ED8D0F-248F-3E79-9256-5684A8735BAA}.Shipping|Mac.ActiveCfg = Development|Any CPU
		{24ED8D0F-248F-3E79-9256-5684A8735BAA}.Shipping|Mac.Build.0 = Development|Any CPU
		{24ED8D0F-248F-3E79-9256-5684A8735BAA}.Shipping|TVOS.ActiveCfg = Development|Any CPU
		{24ED8D0F-248F-3E79-9256-5684A8735BAA}.Shipping|TVOS.Build.0 = Development|Any CPU
		{6FF6DBC3-AAEE-3AF9-A977-4A49A0C1A0A2}.DebugGame|IOS.ActiveCfg = Development|Any CPU
		{6FF6DBC3-AAEE-3AF9-A977-4A49A0C1A0A2}.DebugGame|IOS.Build.0 = Development|Any CPU
		{6FF6DBC3-AAEE-3AF9-A977-4A49A0C1A0A2}.DebugGame|Mac.ActiveCfg = Development|Any CPU
		{6FF6DBC3-AAEE-3AF9-A977-4A49A0C1A0A2}.DebugGame|Mac.Build.0 = Development|Any CPU
		{6FF6DBC3-AAEE-3AF9-A977-4A49A0C1A0A2}.DebugGame|TVOS.ActiveCfg = Development|Any CPU
		{6FF6DBC3-AAEE-3AF9-A977-4A49A0C1A0A2}.DebugGame|TVOS.Build.0 = Development|Any CPU
		{6FF6DBC3-AAEE-3AF9-A977-4A49A0C1A0A2}.Development|IOS.ActiveCfg = Development|Any CPU
		{6FF6DBC3-AAEE-3AF9-A977-4A49A0C1A0A2}.Development|IOS.Build.0 = Development|Any CPU
		{6FF6DBC3-AAEE-3AF9-A977-4A49A0C1A0A2}.Development|Mac.ActiveCfg = Development|Any CPU
		{6FF6DBC3-AAEE-3AF9-A977-4A49A0C1A0A2}.Development|Mac.Build.0 = Development|Any CPU
		{6FF6DBC3-AAEE-3AF9-A977-4A49A0C1A0A2}.Development|TVOS.ActiveCfg = Development|Any CPU
		{6FF6DBC3-AAEE-3AF9-A977-4A49A0C1A0A2}.Development|TVOS.Build.0 = Development|Any CPU
		{6FF6DBC3-AAEE-3AF9-A977-4A49A0C1A0A2}.Shipping|IOS.ActiveCfg = Development|Any CPU
		{6FF6DBC3-AAEE-3AF9-A977-4A49A0C1A0A2}.Shipping|IOS.Build.0 = Development|Any CPU
		{6FF6DBC3-AAEE-3AF9-A977-4A49A0C1A0A2}.Shipping|Mac.ActiveCfg = Development|Any CPU
		{6FF6DBC3-AAEE-3AF9-A977-4A49A0C1A0A2}.Shipping|Mac.Build.0 = Development|Any CPU
		{6FF6DBC3-AAEE-3AF9-A977-4A49A0C1A0A2}.Shipping|TVOS.ActiveCfg = Development|Any CPU
		{6FF6DBC3-AAEE-3AF9-A977-4A49A0C1A0A2}.Shipping|TVOS.Build.0 = Development|Any CPU
		{28834C99-8FBD-3EF1-BF76-E8E4BACCC160}.DebugGame|IOS.ActiveCfg = Development|Any CPU
		{28834C99-8FBD-3EF1-BF76-E8E4BACCC160}.DebugGame|IOS.Build.0 = Development|Any CPU
		{28834C99-8FBD-3EF1-BF76-E8E4BACCC160}.DebugGame|Mac.ActiveCfg = Development|Any CPU
		{28834C99-8FBD-3EF1-BF76-E8E4BACCC160}.DebugGame|Mac.Build.0 = Development|Any CPU
		{28834C99-8FBD-3EF1-BF76-E8E4BACCC160}.DebugGame|TVOS.ActiveCfg = Development|Any CPU
		{28834C99-8FBD-3EF1-BF76-E8E4BACCC160}.DebugGame|TVOS.Build.0 = Development|Any CPU
		{28834C99-8FBD-3EF1-BF76-E8E4BACCC160}.Development|IOS.ActiveCfg = Development|Any CPU
		{28834C99-8FBD-3EF1-BF76-E8E4BACCC160}.Development|IOS.Build.0 = Development|Any CPU
		{28834C99-8FBD-3EF1-BF76-E8E4BACCC160}.Development|Mac.ActiveCfg = Development|Any CPU
		{28834C99-8FBD-3EF1-BF76-E8E4BACCC160}.Development|Mac.Build.0 = Development|Any CPU
		{28834C99-8FBD-3EF1-BF76-E8E4BACCC160}.Development|TVOS.ActiveCfg = Development|Any CPU
		{28834C99-8FBD-3EF1-BF76-E8E4BACCC160}.Development|TVOS.Build.0 = Development|Any CPU
		{28834C99-8FBD-3EF1-BF76-E8E4BACCC160}.Shipping|IOS.ActiveCfg = Development|Any CPU
		{28834C99-8FBD-3EF1-BF76-E8E4BACCC160}.Shipping|IOS.Build.0 = Development|Any CPU
		{28834C99-8FBD-3EF1-BF76-E8E4BACCC160}.Shipping|Mac.ActiveCfg = Development|Any CPU
		{28834C99-8FBD-3EF1-BF76-E8E4BACCC160}.Shipping|Mac.Build.0 = Development|Any CPU
		{28834C99-8FBD-3EF1-BF76-E8E4BACCC160}.Shipping|TVOS.ActiveCfg = Development|Any CPU
		{28834C99-8FBD-3EF1-BF76-E8E4BACCC160}.Shipping|TVOS.Build.0 = Development|Any CPU
		{61CE83B9-2C15-33F0-BDD5-602AAB838F41}.DebugGame|IOS.ActiveCfg = Development|Any CPU
		{61CE83B9-2C15-33F0-BDD5-602AAB838F41}.DebugGame|IOS.Build.0 = Development|Any CPU
		{61CE83B9-2C15-33F0-BDD5-602AAB838F41}.DebugGame|Mac.ActiveCfg = Development|Any CPU
		{61CE83B9-2C15-33F0-BDD5-602AAB838F41}.DebugGame|Mac.Build.0 = Development|Any CPU
		{61CE83B9-2C15-33F0-BDD5-602AAB838F41}.DebugGame|TVOS.ActiveCfg = Development|Any CPU
		{61CE83B9-2C15-33F0-BDD5-602AAB838F41}.DebugGame|TVOS.Build.0 = Development|Any CPU
		{61CE83B9-2C15-33F0-BDD5-602AAB838F41}.Development|IOS.ActiveCfg = Development|Any CPU
		{61CE83B9-2C15-33F0-BDD5-602AAB838F41}.Development|IOS.Build.0 = Development|Any CPU
		{61CE83B9-2C15-33F0-BDD5-602AAB838F41}.Development|Mac.ActiveCfg = Development|Any CPU
		{61CE83B9-2C15-33F0-BDD5-602AAB838F41}.Development|Mac.Build.0 = Development|Any CPU
		{61CE83B9-2C15-33F0-BDD5-602AAB838F41}.Development|TVOS.ActiveCfg = Development|Any CPU
		{61CE83B9-2C15-33F0-BDD5-602AAB838F41}.Development|TVOS.Build.0 = Development|Any CPU
		{61CE83B9-2C15-33F0-BDD5-602AAB838F41}.Shipping|IOS.ActiveCfg = Development|Any CPU
		{61CE83B9-2C15-33F0-BDD5-602AAB838F41}.Shipping|IOS.Build.0 = Development|Any CPU
		{61CE83B9-2C15-33F0-BDD5-602AAB838F41}.Shipping|Mac.ActiveCfg = Development|Any CPU
		{61CE83B9-2C15-33F0-BDD5-602AAB838F41}.Shipping|Mac.Build.0 = Development|Any CPU
		{61CE83B9-2C15-33F0-BDD5-602AAB838F41}.Shipping|TVOS.ActiveCfg = Development|Any CPU
		{61CE83B9-2C15-33F0-BDD5-602AAB838F41}.Shipping|TVOS.Build.0 = Development|Any CPU
		{8DD1780C-058B-3D8E-8421-F105BCF2B55A}.DebugGame|IOS.ActiveCfg = Development|Any CPU
		{8DD1780C-058B-3D8E-8421-F105BCF2B55A}.DebugGame|IOS.Build.0 = Development|Any CPU
		{8DD1780C-058B-3D8E-8421-F105BCF2B55A}.DebugGame|Mac.ActiveCfg = Development|Any CPU
		{8DD1780C-058B-3D8E-8421-F105BCF2B55A}.DebugGame|Mac.Build.0 = Development|Any CPU
		{8DD1780C-058B-3D8E-8421-F105BCF2B55A}.DebugGame|TVOS.ActiveCfg = Development|Any CPU
		{8DD1780C-058B-3D8E-8421-F105BCF2B55A}.DebugGame|TVOS.Build.0 = Development|Any CPU
		{8DD1780C-058B-3D8E-8421-F105BCF2B55A}.Development|IOS.ActiveCfg = Development|Any CPU
		{8DD1780C-058B-3D8E-8421-F105BCF2B55A}.Development|IOS.Build.0 = Development|Any CPU
		{8DD1780C-058B-3D8E-8421-F105BCF2B55A}.Development|Mac.ActiveCfg = Development|Any CPU
		{8DD1780C-058B-3D8E-8421-F105BCF2B55A}.Development|Mac.Build.0 = Development|Any CPU
		{8DD1780C-058B-3D8E-8421-F105BCF2B55A}.Development|TVOS.ActiveCfg = Development|Any CPU
		{8DD1780C-058B-3D8E-8421-F105BCF2B55A}.Development|TVOS.Build.0 = Development|Any CPU
		{8DD1780C-058B-3D8E-8421-F105BCF2B55A}.Shipping|IOS.ActiveCfg = Development|Any CPU
		{8DD1780C-058B-3D8E-8421-F105BCF2B55A}.Shipping|IOS.Build.0 = Development|Any CPU
		{8DD1780C-058B-3D8E-8421-F105BCF2B55A}.Shipping|Mac.ActiveCfg = Development|Any CPU
		{8DD1780C-058B-3D8E-8421-F105BCF2B55A}.Shipping|Mac.Build.0 = Development|Any CPU
		{8DD1780C-058B-3D8E-8421-F105BCF2B55A}.Shipping|TVOS.ActiveCfg = Development|Any CPU
		{8DD1780C-058B-3D8E-8421-F105BCF2B55A}.Shipping|TVOS.Build.0 = Development|Any CPU
		{38A3C599-CEAD-3224-9F48-570203AB2498}.DebugGame|IOS.ActiveCfg = Development|Any CPU
		{38A3C599-CEAD-3224-9F48-570203AB2498}.DebugGame|IOS.Build.0 = Development|Any CPU
		{38A3C599-CEAD-3224-9F48-570203AB2498}.DebugGame|Mac.ActiveCfg = Development|Any CPU
		{38A3C599-CEAD-3224-9F48-570203AB2498}.DebugGame|Mac.Build.0 = Development|Any CPU
		{38A3C599-CEAD-3224-9F48-570203AB2498}.DebugGame|TVOS.ActiveCfg = Development|Any CPU
		{38A3C599-CEAD-3224-9F48-570203AB2498}.DebugGame|TVOS.Build.0 = Development|Any CPU
		{38A3C599-CEAD-3224-9F48-570203AB2498}.Development|IOS.ActiveCfg = Development|Any CPU
		{38A3C599-CEAD-3224-9F48-570203AB2498}.Development|IOS.Build.0 = Development|Any CPU
		{38A3C599-CEAD-3224-9F48-570203AB2498}.Development|Mac.ActiveCfg = Development|Any CPU
		{38A3C599-CEAD-3224-9F48-570203AB2498}.Development|Mac.Build.0 = Development|Any CPU
		{38A3C599-CEAD-3224-9F48-570203AB2498}.Development|TVOS.ActiveCfg = Development|Any CPU
		{38A3C599-CEAD-3224-9F48-570203AB2498}.Development|TVOS.Build.0 = Development|Any CPU
		{38A3C599-CEAD-3224-9F48-570203AB2498}.Shipping|IOS.ActiveCfg = Development|Any CPU
		{38A3C599-CEAD-3224-9F48-570203AB2498}.Shipping|IOS.Build.0 = Development|Any CPU
		{38A3C599-CEAD-3224-9F48-570203AB2498}.Shipping|Mac.ActiveCfg = Development|Any CPU
		{38A3C599-CEAD-3224-9F48-570203AB2498}.Shipping|Mac.Build.0 = Development|Any CPU
		{38A3C599-CEAD-3224-9F48-570203AB2498}.Shipping|TVOS.ActiveCfg = Development|Any CPU
		{38A3C599-CEAD-3224-9F48-570203AB2498}.Shipping|TVOS.Build.0 = Development|Any CPU
		{4A7AB581-7D5A-3157-A913-A9259EBB23B0}.DebugGame|IOS.ActiveCfg = Development|Any CPU
		{4A7AB581-7D5A-3157-A913-A9259EBB23B0}.DebugGame|IOS.Build.0 = Development|Any CPU
		{4A7AB581-7D5A-3157-A913-A9259EBB23B0}.DebugGame|Mac.ActiveCfg = Development|Any CPU
		{4A7AB581-7D5A-3157-A913-A9259EBB23B0}.DebugGame|Mac.Build.0 = Development|Any CPU
		{4A7AB581-7D5A-3157-A913-A9259EBB23B0}.DebugGame|TVOS.ActiveCfg = Development|Any CPU
		{4A7AB581-7D5A-3157-A913-A9259EBB23B0}.DebugGame|TVOS.Build.0 = Development|Any CPU
		{4A7AB581-7D5A-3157-A913-A9259EBB23B0}.Development|IOS.ActiveCfg = Development|Any CPU
		{4A7AB581-7D5A-3157-A913-A9259EBB23B0}.Development|IOS.Build.0 = Development|Any CPU
		{4A7AB581-7D5A-3157-A913-A9259EBB23B0}.Development|Mac.ActiveCfg = Development|Any CPU
		{4A7AB581-7D5A-3157-A913-A9259EBB23B0}.Development|Mac.Build.0 = Development|Any CPU
		{4A7AB581-7D5A-3157-A913-A9259EBB23B0}.Development|TVOS.ActiveCfg = Development|Any CPU
		{4A7AB581-7D5A-3157-A913-A9259EBB23B0}.Development|TVOS.Build.0 = Development|Any CPU
		{4A7AB581-7D5A-3157-A913-A9259EBB23B0}.Shipping|IOS.ActiveCfg = Development|Any CPU
		{4A7AB581-7D5A-3157-A913-A9259EBB23B0}.Shipping|IOS.Build.0 = Development|Any CPU
		{4A7AB581-7D5A-3157-A913-A9259EBB23B0}.Shipping|Mac.ActiveCfg = Development|Any CPU
		{4A7AB581-7D5A-3157-A913-A9259EBB23B0}.Shipping|Mac.Build.0 = Development|Any CPU
		{4A7AB581-7D5A-3157-A913-A9259EBB23B0}.Shipping|TVOS.ActiveCfg = Development|Any CPU
		{4A7AB581-7D5A-3157-A913-A9259EBB23B0}.Shipping|TVOS.Build.0 = Development|Any CPU
	EndGlobalSection
	GlobalSection(SolutionProperties) = preSolution
		HideSolutionNode = FALSE
	EndGlobalSection
	GlobalSection(NestedProjects) = preSolution
		{BA643C0D-FE55-355F-94E2-FFA6B50EA5A0} = {A338B9E2-A559-34BE-A46D-F789DD488FAD}
		{EBD8976D-C225-3BD8-8B52-7BFB4A6401AB} = {A338B9E2-A559-34BE-A46D-F789DD488FAD}
		{0BFBE63A-B98A-3411-8EEB-8918FEC737B3} = {A338B9E2-A559-34BE-A46D-F789DD488FAD}
		{7B5CFB44-F0FB-31DF-AE62-C3C096A29A7B} = {A338B9E2-A559-34BE-A46D-F789DD488FAD}
		{57713676-9DBE-331C-AD10-26632AC9EE0C} = {A338B9E2-A559-34BE-A46D-F789DD488FAD}
		{261286C5-FEAD-3038-BA37-4BFF03A39465} = {0BFBE63A-B98A-3411-8EEB-8918FEC737B3}
		{99FD6866-9D6D-3171-9ECE-3DFCF6AD21FE} = {0BFBE63A-B98A-3411-8EEB-8918FEC737B3}
		{E87BFB56-2A5E-3BF3-9D9B-2B6EA04C5A12} = {0BFBE63A-B98A-3411-8EEB-8918FEC737B3}
		{B7F63FAC-A56C-3959-B756-ED07A9458D0C} = {0BFBE63A-B98A-3411-8EEB-8918FEC737B3}
		{3DA56524-F689-305F-AF2F-1B9AD189A2B2} = {0BFBE63A-B98A-3411-8EEB-8918FEC737B3}
		{685D9496-BE75-3252-B727-AE495A43925C} = {0BFBE63A-B98A-3411-8EEB-8918FEC737B3}
		{85BCA816-13B9-3842-901C-1A3EDE4963D1} = {0BFBE63A-B98A-3411-8EEB-8918FEC737B3}
		{C62911A0-FC33-3AAB-8D35-3D353E100FE7} = {0BFBE63A-B98A-3411-8EEB-8918FEC737B3}
		{5E1FB1A7-A8D8-3D63-AC1E-181AADD87B79} = {0BFBE63A-B98A-3411-8EEB-8918FEC737B3}
		{85C80919-E960-3641-AA9A-934FA68B17BE} = {0BFBE63A-B98A-3411-8EEB-8918FEC737B3}
		{1876FDBF-8AEB-3BC2-80BB-70CEC829FA53} = {0BFBE63A-B98A-3411-8EEB-8918FEC737B3}
		{79E56AA8-0BB2-3D6D-80C0-DD7BE0E0153C} = {0BFBE63A-B98A-3411-8EEB-8918FEC737B3}
		{4EBAEBA6-87A6-36B5-BED5-3FB6C11D498E} = {0BFBE63A-B98A-3411-8EEB-8918FEC737B3}
		{F9B48319-FB04-34AC-B401-FC102F504F53} = {0BFBE63A-B98A-3411-8EEB-8918FEC737B3}
		{5D77DF92-F44E-380A-80B6-11985AA5E121} = {0BFBE63A-B98A-3411-8EEB-8918FEC737B3}
		{A11E2546-0220-3815-A3AB-0D9FBF2B0C79} = {0BFBE63A-B98A-3411-8EEB-8918FEC737B3}
		{D1D81BD5-D8A8-3F1A-96FF-6F90B72A1B91} = {0BFBE63A-B98A-3411-8EEB-8918FEC737B3}
		{778D792B-89B0-399A-865C-892BAD6D5CC0} = {0BFBE63A-B98A-3411-8EEB-8918FEC737B3}
		{7738BFCB-8FD6-394B-942A-1C569F235244} = {0BFBE63A-B98A-3411-8EEB-8918FEC737B3}
		{36CD066B-7799-3152-9064-7E81082D1231} = {0BFBE63A-B98A-3411-8EEB-8918FEC737B3}
		{D0F7BF48-A0B8-37C4-983C-9D497CFE1DE9} = {7B5CFB44-F0FB-31DF-AE62-C3C096A29A7B}
		{2A1FEF98-5A4E-3012-A2C2-56338E249140} = {57713676-9DBE-331C-AD10-26632AC9EE0C}
		{AD038EEE-97B2-3037-95D0-E5DA54C07AD4} = {57713676-9DBE-331C-AD10-26632AC9EE0C}
		{1E93B070-081F-3075-BE21-738D479E3CE4} = {57713676-9DBE-331C-AD10-26632AC9EE0C}
		{766B47EA-8309-3D89-936A-BF8E6245716A} = {57713676-9DBE-331C-AD10-26632AC9EE0C}
		{55AE3B19-F452-3364-A238-62E41DFD717B} = {57713676-9DBE-331C-AD10-26632AC9EE0C}
		{C1FDCADD-FBBC-3649-990C-D0E5EFC66B15} = {57713676-9DBE-331C-AD10-26632AC9EE0C}
		{72EB6E27-D49E-36B8-ABF7-16F025C080C7} = {57713676-9DBE-331C-AD10-26632AC9EE0C}
		{DF8E129B-203E-34EA-9592-DC92140653F9} = {57713676-9DBE-331C-AD10-26632AC9EE0C}
		{05E9C5EF-DE2D-38EF-9700-D05FC4FDF6D6} = {57713676-9DBE-331C-AD10-26632AC9EE0C}
		{2AB1B235-972D-31FB-B8EF-6E5214B63349} = {57713676-9DBE-331C-AD10-26632AC9EE0C}
		{8E91983F-9EDF-397A-B9B8-29B8E34067B4} = {57713676-9DBE-331C-AD10-26632AC9EE0C}
		{769A6E07-3E5A-309F-AC5A-4FFC3776BB96} = {57713676-9DBE-331C-AD10-26632AC9EE0C}
		{60469FEA-0F9D-3E58-9301-3733C4413A65} = {57713676-9DBE-331C-AD10-26632AC9EE0C}
		{F03327D2-FF9B-3DDD-B126-DCA2F77247F1} = {57713676-9DBE-331C-AD10-26632AC9EE0C}
		{D329A36E-B172-37C8-B737-3E005337CC14} = {57713676-9DBE-331C-AD10-26632AC9EE0C}
		{BEE4E7BA-C5E4-32B5-847D-81BB48C1FC25} = {57713676-9DBE-331C-AD10-26632AC9EE0C}
		{F444A6AC-7D88-34FC-8D80-D301364FCD67} = {57713676-9DBE-331C-AD10-26632AC9EE0C}
		{24ED8D0F-248F-3E79-9256-5684A8735BAA} = {57713676-9DBE-331C-AD10-26632AC9EE0C}
		{6FF6DBC3-AAEE-3AF9-A977-4A49A0C1A0A2} = {57713676-9DBE-331C-AD10-26632AC9EE0C}
		{28834C99-8FBD-3EF1-BF76-E8E4BACCC160} = {57713676-9DBE-331C-AD10-26632AC9EE0C}
		{61CE83B9-2C15-33F0-BDD5-602AAB838F41} = {C2F57ECE-B26F-39D8-BDA7-C1D40BD8F180}
		{8DD1780C-058B-3D8E-8421-F105BCF2B55A} = {C2F57ECE-B26F-39D8-BDA7-C1D40BD8F180}
		{38A3C599-CEAD-3224-9F48-570203AB2498} = {C2F57ECE-B26F-39D8-BDA7-C1D40BD8F180}
		{4A7AB581-7D5A-3157-A913-A9259EBB23B0} = {C2F57ECE-B26F-39D8-BDA7-C1D40BD8F180}
	EndGlobalSection
EndGlobal
